
Microsoft Visual Studio Solution File, Format Version 12.00
# Visual Studio 15
VisualStudioVersion = 15.0.26730.16
MinimumVisualStudioVersion = 10.0.40219.1
Project("{FAE04EC0-301F-11D3-BF4B-00C04F79EFBC}") = "Qint.Android", "Qint\Qint.Android\Qint.Android.csproj", "{CE961965-D216-43F1-A638-853FFE04B041}"
EndProject
Project("{FAE04EC0-301F-11D3-BF4B-00C04F79EFBC}") = "Qint", "Qint\Qint\Qint.csproj", "{7DD6DB95-4CFE-46DF-8E81-B6ED3844DBC0}"
EndProject
Project("{FAE04EC0-301F-11D3-BF4B-00C04F79EFBC}") = "Qint.iOS", "Qint\Qint.iOS\Qint.iOS.csproj", "{FB1865E6-3F87-4F85-9A36-F40ECA227196}"
EndProject
Project("{2150E333-8FDC-42A3-9474-1A3956D46DE8}") = "mobile", "mobile", "{9222FE4D-8F86-467C-9A0A-1719992AB3DB}"
EndProject
Project("{9A19103F-16F7-4668-BE54-9A1E7A4F7556}") = "Qint.Wrapper", "WrapperCore\Qint.Wrapper.csproj", "{7C4A45C6-A454-4123-A81B-8A57DE12AE71}"
EndProject
Project("{9344BDBB-3E7F-41FC-A0DD-8665D75EE146}") = "Qint.UWP", "Qint\Qint.UWP\Qint.UWP.csproj", "{2DFA4ACA-8646-45A8-86CD-1A5BE598D2E7}"
EndProject
Project("{FAE04EC0-301F-11D3-BF4B-00C04F79EFBC}") = "Qint.Desktop", "Qint.Desktop\Qint.Desktop.csproj", "{6C7C523B-FA3C-462C-BFDA-EDBBE7627457}"
EndProject
Global
	GlobalSection(SolutionConfigurationPlatforms) = preSolution
		Ad-Hoc|Any CPU = Ad-Hoc|Any CPU
		Ad-Hoc|ARM = Ad-Hoc|ARM
		Ad-Hoc|iPhone = Ad-Hoc|iPhone
		Ad-Hoc|iPhoneSimulator = Ad-Hoc|iPhoneSimulator
		Ad-Hoc|x64 = Ad-Hoc|x64
		Ad-Hoc|x86 = Ad-Hoc|x86
		AppStore|Any CPU = AppStore|Any CPU
		AppStore|ARM = AppStore|ARM
		AppStore|iPhone = AppStore|iPhone
		AppStore|iPhoneSimulator = AppStore|iPhoneSimulator
		AppStore|x64 = AppStore|x64
		AppStore|x86 = AppStore|x86
		Debug|Any CPU = Debug|Any CPU
		Debug|ARM = Debug|ARM
		Debug|iPhone = Debug|iPhone
		Debug|iPhoneSimulator = Debug|iPhoneSimulator
		Debug|x64 = Debug|x64
		Debug|x86 = Debug|x86
		DesktopDebug|Any CPU = DesktopDebug|Any CPU
		DesktopDebug|ARM = DesktopDebug|ARM
		DesktopDebug|iPhone = DesktopDebug|iPhone
		DesktopDebug|iPhoneSimulator = DesktopDebug|iPhoneSimulator
		DesktopDebug|x64 = DesktopDebug|x64
		DesktopDebug|x86 = DesktopDebug|x86
		Release|Any CPU = Release|Any CPU
		Release|ARM = Release|ARM
		Release|iPhone = Release|iPhone
		Release|iPhoneSimulator = Release|iPhoneSimulator
		Release|x64 = Release|x64
		Release|x86 = Release|x86
	EndGlobalSection
	GlobalSection(ProjectConfigurationPlatforms) = postSolution
		{CE961965-D216-43F1-A638-853FFE04B041}.Ad-Hoc|Any CPU.ActiveCfg = Release|Any CPU
		{CE961965-D216-43F1-A638-853FFE04B041}.Ad-Hoc|Any CPU.Build.0 = Release|Any CPU
		{CE961965-D216-43F1-A638-853FFE04B041}.Ad-Hoc|Any CPU.Deploy.0 = Release|Any CPU
		{CE961965-D216-43F1-A638-853FFE04B041}.Ad-Hoc|ARM.ActiveCfg = Release|Any CPU
		{CE961965-D216-43F1-A638-853FFE04B041}.Ad-Hoc|ARM.Build.0 = Release|Any CPU
		{CE961965-D216-43F1-A638-853FFE04B041}.Ad-Hoc|ARM.Deploy.0 = Release|Any CPU
		{CE961965-D216-43F1-A638-853FFE04B041}.Ad-Hoc|iPhone.ActiveCfg = Release|Any CPU
		{CE961965-D216-43F1-A638-853FFE04B041}.Ad-Hoc|iPhone.Build.0 = Release|Any CPU
		{CE961965-D216-43F1-A638-853FFE04B041}.Ad-Hoc|iPhone.Deploy.0 = Release|Any CPU
		{CE961965-D216-43F1-A638-853FFE04B041}.Ad-Hoc|iPhoneSimulator.ActiveCfg = Release|Any CPU
		{CE961965-D216-43F1-A638-853FFE04B041}.Ad-Hoc|iPhoneSimulator.Build.0 = Release|Any CPU
		{CE961965-D216-43F1-A638-853FFE04B041}.Ad-Hoc|iPhoneSimulator.Deploy.0 = Release|Any CPU
		{CE961965-D216-43F1-A638-853FFE04B041}.Ad-Hoc|x64.ActiveCfg = Release|Any CPU
		{CE961965-D216-43F1-A638-853FFE04B041}.Ad-Hoc|x64.Build.0 = Release|Any CPU
		{CE961965-D216-43F1-A638-853FFE04B041}.Ad-Hoc|x64.Deploy.0 = Release|Any CPU
		{CE961965-D216-43F1-A638-853FFE04B041}.Ad-Hoc|x86.ActiveCfg = Release|Any CPU
		{CE961965-D216-43F1-A638-853FFE04B041}.Ad-Hoc|x86.Build.0 = Release|Any CPU
		{CE961965-D216-43F1-A638-853FFE04B041}.Ad-Hoc|x86.Deploy.0 = Release|Any CPU
		{CE961965-D216-43F1-A638-853FFE04B041}.AppStore|Any CPU.ActiveCfg = Release|Any CPU
		{CE961965-D216-43F1-A638-853FFE04B041}.AppStore|Any CPU.Build.0 = Release|Any CPU
		{CE961965-D216-43F1-A638-853FFE04B041}.AppStore|Any CPU.Deploy.0 = Release|Any CPU
		{CE961965-D216-43F1-A638-853FFE04B041}.AppStore|ARM.ActiveCfg = Release|Any CPU
		{CE961965-D216-43F1-A638-853FFE04B041}.AppStore|ARM.Build.0 = Release|Any CPU
		{CE961965-D216-43F1-A638-853FFE04B041}.AppStore|ARM.Deploy.0 = Release|Any CPU
		{CE961965-D216-43F1-A638-853FFE04B041}.AppStore|iPhone.ActiveCfg = Release|Any CPU
		{CE961965-D216-43F1-A638-853FFE04B041}.AppStore|iPhone.Build.0 = Release|Any CPU
		{CE961965-D216-43F1-A638-853FFE04B041}.AppStore|iPhone.Deploy.0 = Release|Any CPU
		{CE961965-D216-43F1-A638-853FFE04B041}.AppStore|iPhoneSimulator.ActiveCfg = Release|Any CPU
		{CE961965-D216-43F1-A638-853FFE04B041}.AppStore|iPhoneSimulator.Build.0 = Release|Any CPU
		{CE961965-D216-43F1-A638-853FFE04B041}.AppStore|iPhoneSimulator.Deploy.0 = Release|Any CPU
		{CE961965-D216-43F1-A638-853FFE04B041}.AppStore|x64.ActiveCfg = Release|Any CPU
		{CE961965-D216-43F1-A638-853FFE04B041}.AppStore|x64.Build.0 = Release|Any CPU
		{CE961965-D216-43F1-A638-853FFE04B041}.AppStore|x64.Deploy.0 = Release|Any CPU
		{CE961965-D216-43F1-A638-853FFE04B041}.AppStore|x86.ActiveCfg = Release|Any CPU
		{CE961965-D216-43F1-A638-853FFE04B041}.AppStore|x86.Build.0 = Release|Any CPU
		{CE961965-D216-43F1-A638-853FFE04B041}.AppStore|x86.Deploy.0 = Release|Any CPU
		{CE961965-D216-43F1-A638-853FFE04B041}.Debug|Any CPU.ActiveCfg = Debug|Any CPU
		{CE961965-D216-43F1-A638-853FFE04B041}.Debug|Any CPU.Build.0 = Debug|Any CPU
		{CE961965-D216-43F1-A638-853FFE04B041}.Debug|Any CPU.Deploy.0 = Debug|Any CPU
		{CE961965-D216-43F1-A638-853FFE04B041}.Debug|ARM.ActiveCfg = Debug|Any CPU
		{CE961965-D216-43F1-A638-853FFE04B041}.Debug|ARM.Build.0 = Debug|Any CPU
		{CE961965-D216-43F1-A638-853FFE04B041}.Debug|ARM.Deploy.0 = Debug|Any CPU
		{CE961965-D216-43F1-A638-853FFE04B041}.Debug|iPhone.ActiveCfg = Debug|Any CPU
		{CE961965-D216-43F1-A638-853FFE04B041}.Debug|iPhone.Build.0 = Debug|Any CPU
		{CE961965-D216-43F1-A638-853FFE04B041}.Debug|iPhone.Deploy.0 = Debug|Any CPU
		{CE961965-D216-43F1-A638-853FFE04B041}.Debug|iPhoneSimulator.ActiveCfg = Debug|Any CPU
		{CE961965-D216-43F1-A638-853FFE04B041}.Debug|iPhoneSimulator.Build.0 = Debug|Any CPU
		{CE961965-D216-43F1-A638-853FFE04B041}.Debug|iPhoneSimulator.Deploy.0 = Debug|Any CPU
		{CE961965-D216-43F1-A638-853FFE04B041}.Debug|x64.ActiveCfg = Debug|Any CPU
		{CE961965-D216-43F1-A638-853FFE04B041}.Debug|x64.Build.0 = Debug|Any CPU
		{CE961965-D216-43F1-A638-853FFE04B041}.Debug|x64.Deploy.0 = Debug|Any CPU
		{CE961965-D216-43F1-A638-853FFE04B041}.Debug|x86.ActiveCfg = Debug|Any CPU
		{CE961965-D216-43F1-A638-853FFE04B041}.Debug|x86.Build.0 = Debug|Any CPU
		{CE961965-D216-43F1-A638-853FFE04B041}.Debug|x86.Deploy.0 = Debug|Any CPU
		{CE961965-D216-43F1-A638-853FFE04B041}.DesktopDebug|Any CPU.ActiveCfg = Debug|Any CPU
		{CE961965-D216-43F1-A638-853FFE04B041}.DesktopDebug|Any CPU.Build.0 = Debug|Any CPU
		{CE961965-D216-43F1-A638-853FFE04B041}.DesktopDebug|Any CPU.Deploy.0 = Debug|Any CPU
		{CE961965-D216-43F1-A638-853FFE04B041}.DesktopDebug|ARM.ActiveCfg = Debug|Any CPU
		{CE961965-D216-43F1-A638-853FFE04B041}.DesktopDebug|ARM.Build.0 = Debug|Any CPU
		{CE961965-D216-43F1-A638-853FFE04B041}.DesktopDebug|ARM.Deploy.0 = Debug|Any CPU
		{CE961965-D216-43F1-A638-853FFE04B041}.DesktopDebug|iPhone.ActiveCfg = Debug|Any CPU
		{CE961965-D216-43F1-A638-853FFE04B041}.DesktopDebug|iPhone.Build.0 = Debug|Any CPU
		{CE961965-D216-43F1-A638-853FFE04B041}.DesktopDebug|iPhone.Deploy.0 = Debug|Any CPU
		{CE961965-D216-43F1-A638-853FFE04B041}.DesktopDebug|iPhoneSimulator.ActiveCfg = Debug|Any CPU
		{CE961965-D216-43F1-A638-853FFE04B041}.DesktopDebug|iPhoneSimulator.Build.0 = Debug|Any CPU
		{CE961965-D216-43F1-A638-853FFE04B041}.DesktopDebug|iPhoneSimulator.Deploy.0 = Debug|Any CPU
		{CE961965-D216-43F1-A638-853FFE04B041}.DesktopDebug|x64.ActiveCfg = Debug|Any CPU
		{CE961965-D216-43F1-A638-853FFE04B041}.DesktopDebug|x64.Build.0 = Debug|Any CPU
		{CE961965-D216-43F1-A638-853FFE04B041}.DesktopDebug|x64.Deploy.0 = Debug|Any CPU
		{CE961965-D216-43F1-A638-853FFE04B041}.DesktopDebug|x86.ActiveCfg = Debug|Any CPU
		{CE961965-D216-43F1-A638-853FFE04B041}.Release|Any CPU.ActiveCfg = Release|Any CPU
		{CE961965-D216-43F1-A638-853FFE04B041}.Release|Any CPU.Build.0 = Release|Any CPU
		{CE961965-D216-43F1-A638-853FFE04B041}.Release|Any CPU.Deploy.0 = Release|Any CPU
		{CE961965-D216-43F1-A638-853FFE04B041}.Release|ARM.ActiveCfg = Release|Any CPU
		{CE961965-D216-43F1-A638-853FFE04B041}.Release|ARM.Build.0 = Release|Any CPU
		{CE961965-D216-43F1-A638-853FFE04B041}.Release|ARM.Deploy.0 = Release|Any CPU
		{CE961965-D216-43F1-A638-853FFE04B041}.Release|iPhone.ActiveCfg = Release|Any CPU
		{CE961965-D216-43F1-A638-853FFE04B041}.Release|iPhone.Build.0 = Release|Any CPU
		{CE961965-D216-43F1-A638-853FFE04B041}.Release|iPhone.Deploy.0 = Release|Any CPU
		{CE961965-D216-43F1-A638-853FFE04B041}.Release|iPhoneSimulator.ActiveCfg = Release|Any CPU
		{CE961965-D216-43F1-A638-853FFE04B041}.Release|iPhoneSimulator.Build.0 = Release|Any CPU
		{CE961965-D216-43F1-A638-853FFE04B041}.Release|iPhoneSimulator.Deploy.0 = Release|Any CPU
		{CE961965-D216-43F1-A638-853FFE04B041}.Release|x64.ActiveCfg = Release|Any CPU
		{CE961965-D216-43F1-A638-853FFE04B041}.Release|x64.Build.0 = Release|Any CPU
		{CE961965-D216-43F1-A638-853FFE04B041}.Release|x64.Deploy.0 = Release|Any CPU
		{CE961965-D216-43F1-A638-853FFE04B041}.Release|x86.ActiveCfg = Release|Any CPU
		{CE961965-D216-43F1-A638-853FFE04B041}.Release|x86.Build.0 = Release|Any CPU
		{CE961965-D216-43F1-A638-853FFE04B041}.Release|x86.Deploy.0 = Release|Any CPU
		{7DD6DB95-4CFE-46DF-8E81-B6ED3844DBC0}.Ad-Hoc|Any CPU.ActiveCfg = Release|Any CPU
		{7DD6DB95-4CFE-46DF-8E81-B6ED3844DBC0}.Ad-Hoc|Any CPU.Build.0 = Release|Any CPU
		{7DD6DB95-4CFE-46DF-8E81-B6ED3844DBC0}.Ad-Hoc|ARM.ActiveCfg = Release|Any CPU
		{7DD6DB95-4CFE-46DF-8E81-B6ED3844DBC0}.Ad-Hoc|ARM.Build.0 = Release|Any CPU
		{7DD6DB95-4CFE-46DF-8E81-B6ED3844DBC0}.Ad-Hoc|iPhone.ActiveCfg = Release|Any CPU
		{7DD6DB95-4CFE-46DF-8E81-B6ED3844DBC0}.Ad-Hoc|iPhone.Build.0 = Release|Any CPU
		{7DD6DB95-4CFE-46DF-8E81-B6ED3844DBC0}.Ad-Hoc|iPhoneSimulator.ActiveCfg = Release|Any CPU
		{7DD6DB95-4CFE-46DF-8E81-B6ED3844DBC0}.Ad-Hoc|iPhoneSimulator.Build.0 = Release|Any CPU
		{7DD6DB95-4CFE-46DF-8E81-B6ED3844DBC0}.Ad-Hoc|x64.ActiveCfg = Release|Any CPU
		{7DD6DB95-4CFE-46DF-8E81-B6ED3844DBC0}.Ad-Hoc|x64.Build.0 = Release|Any CPU
		{7DD6DB95-4CFE-46DF-8E81-B6ED3844DBC0}.Ad-Hoc|x86.ActiveCfg = Release|Any CPU
		{7DD6DB95-4CFE-46DF-8E81-B6ED3844DBC0}.Ad-Hoc|x86.Build.0 = Release|Any CPU
		{7DD6DB95-4CFE-46DF-8E81-B6ED3844DBC0}.AppStore|Any CPU.ActiveCfg = Release|Any CPU
		{7DD6DB95-4CFE-46DF-8E81-B6ED3844DBC0}.AppStore|Any CPU.Build.0 = Release|Any CPU
		{7DD6DB95-4CFE-46DF-8E81-B6ED3844DBC0}.AppStore|ARM.ActiveCfg = Release|Any CPU
		{7DD6DB95-4CFE-46DF-8E81-B6ED3844DBC0}.AppStore|ARM.Build.0 = Release|Any CPU
		{7DD6DB95-4CFE-46DF-8E81-B6ED3844DBC0}.AppStore|iPhone.ActiveCfg = Release|Any CPU
		{7DD6DB95-4CFE-46DF-8E81-B6ED3844DBC0}.AppStore|iPhone.Build.0 = Release|Any CPU
		{7DD6DB95-4CFE-46DF-8E81-B6ED3844DBC0}.AppStore|iPhoneSimulator.ActiveCfg = Release|Any CPU
		{7DD6DB95-4CFE-46DF-8E81-B6ED3844DBC0}.AppStore|iPhoneSimulator.Build.0 = Release|Any CPU
		{7DD6DB95-4CFE-46DF-8E81-B6ED3844DBC0}.AppStore|x64.ActiveCfg = Release|Any CPU
		{7DD6DB95-4CFE-46DF-8E81-B6ED3844DBC0}.AppStore|x64.Build.0 = Release|Any CPU
		{7DD6DB95-4CFE-46DF-8E81-B6ED3844DBC0}.AppStore|x86.ActiveCfg = Release|Any CPU
		{7DD6DB95-4CFE-46DF-8E81-B6ED3844DBC0}.AppStore|x86.Build.0 = Release|Any CPU
		{7DD6DB95-4CFE-46DF-8E81-B6ED3844DBC0}.Debug|Any CPU.ActiveCfg = Debug|Any CPU
		{7DD6DB95-4CFE-46DF-8E81-B6ED3844DBC0}.Debug|Any CPU.Build.0 = Debug|Any CPU
		{7DD6DB95-4CFE-46DF-8E81-B6ED3844DBC0}.Debug|ARM.ActiveCfg = Debug|Any CPU
		{7DD6DB95-4CFE-46DF-8E81-B6ED3844DBC0}.Debug|ARM.Build.0 = Debug|Any CPU
		{7DD6DB95-4CFE-46DF-8E81-B6ED3844DBC0}.Debug|iPhone.ActiveCfg = Debug|Any CPU
		{7DD6DB95-4CFE-46DF-8E81-B6ED3844DBC0}.Debug|iPhone.Build.0 = Debug|Any CPU
		{7DD6DB95-4CFE-46DF-8E81-B6ED3844DBC0}.Debug|iPhoneSimulator.ActiveCfg = Debug|Any CPU
		{7DD6DB95-4CFE-46DF-8E81-B6ED3844DBC0}.Debug|iPhoneSimulator.Build.0 = Debug|Any CPU
		{7DD6DB95-4CFE-46DF-8E81-B6ED3844DBC0}.Debug|x64.ActiveCfg = Debug|Any CPU
		{7DD6DB95-4CFE-46DF-8E81-B6ED3844DBC0}.Debug|x64.Build.0 = Debug|Any CPU
		{7DD6DB95-4CFE-46DF-8E81-B6ED3844DBC0}.Debug|x86.ActiveCfg = Debug|Any CPU
		{7DD6DB95-4CFE-46DF-8E81-B6ED3844DBC0}.Debug|x86.Build.0 = Debug|Any CPU
		{7DD6DB95-4CFE-46DF-8E81-B6ED3844DBC0}.DesktopDebug|Any CPU.ActiveCfg = Debug|Any CPU
		{7DD6DB95-4CFE-46DF-8E81-B6ED3844DBC0}.DesktopDebug|Any CPU.Build.0 = Debug|Any CPU
		{7DD6DB95-4CFE-46DF-8E81-B6ED3844DBC0}.DesktopDebug|ARM.ActiveCfg = Debug|Any CPU
		{7DD6DB95-4CFE-46DF-8E81-B6ED3844DBC0}.DesktopDebug|ARM.Build.0 = Debug|Any CPU
		{7DD6DB95-4CFE-46DF-8E81-B6ED3844DBC0}.DesktopDebug|iPhone.ActiveCfg = Debug|Any CPU
		{7DD6DB95-4CFE-46DF-8E81-B6ED3844DBC0}.DesktopDebug|iPhone.Build.0 = Debug|Any CPU
		{7DD6DB95-4CFE-46DF-8E81-B6ED3844DBC0}.DesktopDebug|iPhoneSimulator.ActiveCfg = Debug|Any CPU
		{7DD6DB95-4CFE-46DF-8E81-B6ED3844DBC0}.DesktopDebug|iPhoneSimulator.Build.0 = Debug|Any CPU
		{7DD6DB95-4CFE-46DF-8E81-B6ED3844DBC0}.DesktopDebug|x64.ActiveCfg = Debug|Any CPU
		{7DD6DB95-4CFE-46DF-8E81-B6ED3844DBC0}.DesktopDebug|x64.Build.0 = Debug|Any CPU
		{7DD6DB95-4CFE-46DF-8E81-B6ED3844DBC0}.DesktopDebug|x86.ActiveCfg = Debug|Any CPU
		{7DD6DB95-4CFE-46DF-8E81-B6ED3844DBC0}.Release|Any CPU.ActiveCfg = Release|Any CPU
		{7DD6DB95-4CFE-46DF-8E81-B6ED3844DBC0}.Release|Any CPU.Build.0 = Release|Any CPU
		{7DD6DB95-4CFE-46DF-8E81-B6ED3844DBC0}.Release|ARM.ActiveCfg = Release|Any CPU
		{7DD6DB95-4CFE-46DF-8E81-B6ED3844DBC0}.Release|ARM.Build.0 = Release|Any CPU
		{7DD6DB95-4CFE-46DF-8E81-B6ED3844DBC0}.Release|iPhone.ActiveCfg = Release|Any CPU
		{7DD6DB95-4CFE-46DF-8E81-B6ED3844DBC0}.Release|iPhone.Build.0 = Release|Any CPU
		{7DD6DB95-4CFE-46DF-8E81-B6ED3844DBC0}.Release|iPhoneSimulator.ActiveCfg = Release|Any CPU
		{7DD6DB95-4CFE-46DF-8E81-B6ED3844DBC0}.Release|iPhoneSimulator.Build.0 = Release|Any CPU
		{7DD6DB95-4CFE-46DF-8E81-B6ED3844DBC0}.Release|x64.ActiveCfg = Release|Any CPU
		{7DD6DB95-4CFE-46DF-8E81-B6ED3844DBC0}.Release|x64.Build.0 = Release|Any CPU
		{7DD6DB95-4CFE-46DF-8E81-B6ED3844DBC0}.Release|x86.ActiveCfg = Release|Any CPU
		{7DD6DB95-4CFE-46DF-8E81-B6ED3844DBC0}.Release|x86.Build.0 = Release|Any CPU
		{FB1865E6-3F87-4F85-9A36-F40ECA227196}.Ad-Hoc|Any CPU.ActiveCfg = Ad-Hoc|iPhone
		{FB1865E6-3F87-4F85-9A36-F40ECA227196}.Ad-Hoc|ARM.ActiveCfg = Ad-Hoc|iPhone
		{FB1865E6-3F87-4F85-9A36-F40ECA227196}.Ad-Hoc|iPhone.ActiveCfg = Ad-Hoc|iPhone
		{FB1865E6-3F87-4F85-9A36-F40ECA227196}.Ad-Hoc|iPhone.Build.0 = Ad-Hoc|iPhone
		{FB1865E6-3F87-4F85-9A36-F40ECA227196}.Ad-Hoc|iPhoneSimulator.ActiveCfg = Ad-Hoc|iPhoneSimulator
		{FB1865E6-3F87-4F85-9A36-F40ECA227196}.Ad-Hoc|iPhoneSimulator.Build.0 = Ad-Hoc|iPhoneSimulator
		{FB1865E6-3F87-4F85-9A36-F40ECA227196}.Ad-Hoc|x64.ActiveCfg = Ad-Hoc|iPhone
		{FB1865E6-3F87-4F85-9A36-F40ECA227196}.Ad-Hoc|x86.ActiveCfg = Ad-Hoc|iPhone
		{FB1865E6-3F87-4F85-9A36-F40ECA227196}.AppStore|Any CPU.ActiveCfg = AppStore|iPhone
		{FB1865E6-3F87-4F85-9A36-F40ECA227196}.AppStore|ARM.ActiveCfg = AppStore|iPhone
		{FB1865E6-3F87-4F85-9A36-F40ECA227196}.AppStore|iPhone.ActiveCfg = AppStore|iPhone
		{FB1865E6-3F87-4F85-9A36-F40ECA227196}.AppStore|iPhone.Build.0 = AppStore|iPhone
		{FB1865E6-3F87-4F85-9A36-F40ECA227196}.AppStore|iPhoneSimulator.ActiveCfg = AppStore|iPhoneSimulator
		{FB1865E6-3F87-4F85-9A36-F40ECA227196}.AppStore|iPhoneSimulator.Build.0 = AppStore|iPhoneSimulator
		{FB1865E6-3F87-4F85-9A36-F40ECA227196}.AppStore|x64.ActiveCfg = AppStore|iPhone
		{FB1865E6-3F87-4F85-9A36-F40ECA227196}.AppStore|x86.ActiveCfg = AppStore|iPhone
		{FB1865E6-3F87-4F85-9A36-F40ECA227196}.Debug|Any CPU.ActiveCfg = Debug|iPhone
		{FB1865E6-3F87-4F85-9A36-F40ECA227196}.Debug|ARM.ActiveCfg = Debug|iPhone
		{FB1865E6-3F87-4F85-9A36-F40ECA227196}.Debug|iPhone.ActiveCfg = Debug|iPhone
		{FB1865E6-3F87-4F85-9A36-F40ECA227196}.Debug|iPhone.Build.0 = Debug|iPhone
		{FB1865E6-3F87-4F85-9A36-F40ECA227196}.Debug|iPhoneSimulator.ActiveCfg = Debug|iPhoneSimulator
		{FB1865E6-3F87-4F85-9A36-F40ECA227196}.Debug|iPhoneSimulator.Build.0 = Debug|iPhoneSimulator
		{FB1865E6-3F87-4F85-9A36-F40ECA227196}.Debug|x64.ActiveCfg = Debug|iPhone
		{FB1865E6-3F87-4F85-9A36-F40ECA227196}.Debug|x86.ActiveCfg = Debug|iPhone
		{FB1865E6-3F87-4F85-9A36-F40ECA227196}.DesktopDebug|Any CPU.ActiveCfg = Debug|iPhone
		{FB1865E6-3F87-4F85-9A36-F40ECA227196}.DesktopDebug|ARM.ActiveCfg = Debug|iPhone
		{FB1865E6-3F87-4F85-9A36-F40ECA227196}.DesktopDebug|iPhone.ActiveCfg = Debug|iPhone
		{FB1865E6-3F87-4F85-9A36-F40ECA227196}.DesktopDebug|iPhone.Build.0 = Debug|iPhone
		{FB1865E6-3F87-4F85-9A36-F40ECA227196}.DesktopDebug|iPhoneSimulator.ActiveCfg = Debug|iPhoneSimulator
		{FB1865E6-3F87-4F85-9A36-F40ECA227196}.DesktopDebug|iPhoneSimulator.Build.0 = Debug|iPhoneSimulator
		{FB1865E6-3F87-4F85-9A36-F40ECA227196}.DesktopDebug|x64.ActiveCfg = Debug|iPhone
		{FB1865E6-3F87-4F85-9A36-F40ECA227196}.DesktopDebug|x86.ActiveCfg = Debug|iPhone
		{FB1865E6-3F87-4F85-9A36-F40ECA227196}.Release|Any CPU.ActiveCfg = Release|iPhone
		{FB1865E6-3F87-4F85-9A36-F40ECA227196}.Release|ARM.ActiveCfg = Release|iPhone
		{FB1865E6-3F87-4F85-9A36-F40ECA227196}.Release|iPhone.ActiveCfg = Release|iPhone
		{FB1865E6-3F87-4F85-9A36-F40ECA227196}.Release|iPhone.Build.0 = Release|iPhone
		{FB1865E6-3F87-4F85-9A36-F40ECA227196}.Release|iPhoneSimulator.ActiveCfg = Release|iPhoneSimulator
		{FB1865E6-3F87-4F85-9A36-F40ECA227196}.Release|iPhoneSimulator.Build.0 = Release|iPhoneSimulator
		{FB1865E6-3F87-4F85-9A36-F40ECA227196}.Release|x64.ActiveCfg = Release|iPhone
		{FB1865E6-3F87-4F85-9A36-F40ECA227196}.Release|x86.ActiveCfg = Release|iPhone
		{7C4A45C6-A454-4123-A81B-8A57DE12AE71}.Ad-Hoc|Any CPU.ActiveCfg = Debug|Any CPU
		{7C4A45C6-A454-4123-A81B-8A57DE12AE71}.Ad-Hoc|Any CPU.Build.0 = Debug|Any CPU
		{7C4A45C6-A454-4123-A81B-8A57DE12AE71}.Ad-Hoc|ARM.ActiveCfg = Debug|Any CPU
		{7C4A45C6-A454-4123-A81B-8A57DE12AE71}.Ad-Hoc|ARM.Build.0 = Debug|Any CPU
		{7C4A45C6-A454-4123-A81B-8A57DE12AE71}.Ad-Hoc|iPhone.ActiveCfg = Debug|Any CPU
		{7C4A45C6-A454-4123-A81B-8A57DE12AE71}.Ad-Hoc|iPhone.Build.0 = Debug|Any CPU
		{7C4A45C6-A454-4123-A81B-8A57DE12AE71}.Ad-Hoc|iPhoneSimulator.ActiveCfg = Debug|Any CPU
		{7C4A45C6-A454-4123-A81B-8A57DE12AE71}.Ad-Hoc|iPhoneSimulator.Build.0 = Debug|Any CPU
		{7C4A45C6-A454-4123-A81B-8A57DE12AE71}.Ad-Hoc|x64.ActiveCfg = Debug|Any CPU
		{7C4A45C6-A454-4123-A81B-8A57DE12AE71}.Ad-Hoc|x64.Build.0 = Debug|Any CPU
		{7C4A45C6-A454-4123-A81B-8A57DE12AE71}.Ad-Hoc|x86.ActiveCfg = Debug|Any CPU
		{7C4A45C6-A454-4123-A81B-8A57DE12AE71}.Ad-Hoc|x86.Build.0 = Debug|Any CPU
		{7C4A45C6-A454-4123-A81B-8A57DE12AE71}.AppStore|Any CPU.ActiveCfg = Debug|Any CPU
		{7C4A45C6-A454-4123-A81B-8A57DE12AE71}.AppStore|Any CPU.Build.0 = Debug|Any CPU
		{7C4A45C6-A454-4123-A81B-8A57DE12AE71}.AppStore|ARM.ActiveCfg = Debug|Any CPU
		{7C4A45C6-A454-4123-A81B-8A57DE12AE71}.AppStore|ARM.Build.0 = Debug|Any CPU
		{7C4A45C6-A454-4123-A81B-8A57DE12AE71}.AppStore|iPhone.ActiveCfg = Debug|Any CPU
		{7C4A45C6-A454-4123-A81B-8A57DE12AE71}.AppStore|iPhone.Build.0 = Debug|Any CPU
		{7C4A45C6-A454-4123-A81B-8A57DE12AE71}.AppStore|iPhoneSimulator.ActiveCfg = Debug|Any CPU
		{7C4A45C6-A454-4123-A81B-8A57DE12AE71}.AppStore|iPhoneSimulator.Build.0 = Debug|Any CPU
		{7C4A45C6-A454-4123-A81B-8A57DE12AE71}.AppStore|x64.ActiveCfg = Debug|Any CPU
		{7C4A45C6-A454-4123-A81B-8A57DE12AE71}.AppStore|x64.Build.0 = Debug|Any CPU
		{7C4A45C6-A454-4123-A81B-8A57DE12AE71}.AppStore|x86.ActiveCfg = Debug|Any CPU
		{7C4A45C6-A454-4123-A81B-8A57DE12AE71}.AppStore|x86.Build.0 = Debug|Any CPU
		{7C4A45C6-A454-4123-A81B-8A57DE12AE71}.Debug|Any CPU.ActiveCfg = Debug|Any CPU
		{7C4A45C6-A454-4123-A81B-8A57DE12AE71}.Debug|Any CPU.Build.0 = Debug|Any CPU
		{7C4A45C6-A454-4123-A81B-8A57DE12AE71}.Debug|ARM.ActiveCfg = Debug|Any CPU
		{7C4A45C6-A454-4123-A81B-8A57DE12AE71}.Debug|ARM.Build.0 = Debug|Any CPU
		{7C4A45C6-A454-4123-A81B-8A57DE12AE71}.Debug|iPhone.ActiveCfg = Debug|Any CPU
		{7C4A45C6-A454-4123-A81B-8A57DE12AE71}.Debug|iPhone.Build.0 = Debug|Any CPU
		{7C4A45C6-A454-4123-A81B-8A57DE12AE71}.Debug|iPhoneSimulator.ActiveCfg = Debug|Any CPU
		{7C4A45C6-A454-4123-A81B-8A57DE12AE71}.Debug|iPhoneSimulator.Build.0 = Debug|Any CPU
		{7C4A45C6-A454-4123-A81B-8A57DE12AE71}.Debug|x64.ActiveCfg = Debug|Any CPU
		{7C4A45C6-A454-4123-A81B-8A57DE12AE71}.Debug|x64.Build.0 = Debug|Any CPU
		{7C4A45C6-A454-4123-A81B-8A57DE12AE71}.Debug|x86.ActiveCfg = Debug|Any CPU
		{7C4A45C6-A454-4123-A81B-8A57DE12AE71}.Debug|x86.Build.0 = Debug|Any CPU
		{7C4A45C6-A454-4123-A81B-8A57DE12AE71}.DesktopDebug|Any CPU.ActiveCfg = Debug|Any CPU
		{7C4A45C6-A454-4123-A81B-8A57DE12AE71}.DesktopDebug|Any CPU.Build.0 = Debug|Any CPU
		{7C4A45C6-A454-4123-A81B-8A57DE12AE71}.DesktopDebug|ARM.ActiveCfg = Debug|Any CPU
		{7C4A45C6-A454-4123-A81B-8A57DE12AE71}.DesktopDebug|ARM.Build.0 = Debug|Any CPU
		{7C4A45C6-A454-4123-A81B-8A57DE12AE71}.DesktopDebug|iPhone.ActiveCfg = Debug|Any CPU
		{7C4A45C6-A454-4123-A81B-8A57DE12AE71}.DesktopDebug|iPhone.Build.0 = Debug|Any CPU
		{7C4A45C6-A454-4123-A81B-8A57DE12AE71}.DesktopDebug|iPhoneSimulator.ActiveCfg = Debug|Any CPU
		{7C4A45C6-A454-4123-A81B-8A57DE12AE71}.DesktopDebug|iPhoneSimulator.Build.0 = Debug|Any CPU
		{7C4A45C6-A454-4123-A81B-8A57DE12AE71}.DesktopDebug|x64.ActiveCfg = Debug|Any CPU
		{7C4A45C6-A454-4123-A81B-8A57DE12AE71}.DesktopDebug|x64.Build.0 = Debug|Any CPU
		{7C4A45C6-A454-4123-A81B-8A57DE12AE71}.DesktopDebug|x86.ActiveCfg = Debug|Any CPU
		{7C4A45C6-A454-4123-A81B-8A57DE12AE71}.DesktopDebug|x86.Build.0 = Debug|Any CPU
		{7C4A45C6-A454-4123-A81B-8A57DE12AE71}.Release|Any CPU.ActiveCfg = Release|Any CPU
		{7C4A45C6-A454-4123-A81B-8A57DE12AE71}.Release|Any CPU.Build.0 = Release|Any CPU
		{7C4A45C6-A454-4123-A81B-8A57DE12AE71}.Release|ARM.ActiveCfg = Release|Any CPU
		{7C4A45C6-A454-4123-A81B-8A57DE12AE71}.Release|ARM.Build.0 = Release|Any CPU
		{7C4A45C6-A454-4123-A81B-8A57DE12AE71}.Release|iPhone.ActiveCfg = Release|Any CPU
		{7C4A45C6-A454-4123-A81B-8A57DE12AE71}.Release|iPhone.Build.0 = Release|Any CPU
		{7C4A45C6-A454-4123-A81B-8A57DE12AE71}.Release|iPhoneSimulator.ActiveCfg = Release|Any CPU
		{7C4A45C6-A454-4123-A81B-8A57DE12AE71}.Release|iPhoneSimulator.Build.0 = Release|Any CPU
		{7C4A45C6-A454-4123-A81B-8A57DE12AE71}.Release|x64.ActiveCfg = Release|Any CPU
		{7C4A45C6-A454-4123-A81B-8A57DE12AE71}.Release|x64.Build.0 = Release|Any CPU
		{7C4A45C6-A454-4123-A81B-8A57DE12AE71}.Release|x86.ActiveCfg = Release|Any CPU
		{7C4A45C6-A454-4123-A81B-8A57DE12AE71}.Release|x86.Build.0 = Release|Any CPU
		{2DFA4ACA-8646-45A8-86CD-1A5BE598D2E7}.Ad-Hoc|Any CPU.ActiveCfg = Release|x86
		{2DFA4ACA-8646-45A8-86CD-1A5BE598D2E7}.Ad-Hoc|Any CPU.Build.0 = Release|x86
		{2DFA4ACA-8646-45A8-86CD-1A5BE598D2E7}.Ad-Hoc|Any CPU.Deploy.0 = Release|x86
		{2DFA4ACA-8646-45A8-86CD-1A5BE598D2E7}.Ad-Hoc|ARM.ActiveCfg = Release|ARM
		{2DFA4ACA-8646-45A8-86CD-1A5BE598D2E7}.Ad-Hoc|ARM.Build.0 = Release|ARM
		{2DFA4ACA-8646-45A8-86CD-1A5BE598D2E7}.Ad-Hoc|ARM.Deploy.0 = Release|ARM
		{2DFA4ACA-8646-45A8-86CD-1A5BE598D2E7}.Ad-Hoc|iPhone.ActiveCfg = Release|x86
		{2DFA4ACA-8646-45A8-86CD-1A5BE598D2E7}.Ad-Hoc|iPhone.Build.0 = Release|x86
		{2DFA4ACA-8646-45A8-86CD-1A5BE598D2E7}.Ad-Hoc|iPhone.Deploy.0 = Release|x86
		{2DFA4ACA-8646-45A8-86CD-1A5BE598D2E7}.Ad-Hoc|iPhoneSimulator.ActiveCfg = Release|x86
		{2DFA4ACA-8646-45A8-86CD-1A5BE598D2E7}.Ad-Hoc|iPhoneSimulator.Build.0 = Release|x86
		{2DFA4ACA-8646-45A8-86CD-1A5BE598D2E7}.Ad-Hoc|iPhoneSimulator.Deploy.0 = Release|x86
		{2DFA4ACA-8646-45A8-86CD-1A5BE598D2E7}.Ad-Hoc|x64.ActiveCfg = Release|x64
		{2DFA4ACA-8646-45A8-86CD-1A5BE598D2E7}.Ad-Hoc|x64.Build.0 = Release|x64
		{2DFA4ACA-8646-45A8-86CD-1A5BE598D2E7}.Ad-Hoc|x64.Deploy.0 = Release|x64
		{2DFA4ACA-8646-45A8-86CD-1A5BE598D2E7}.Ad-Hoc|x86.ActiveCfg = Release|x86
		{2DFA4ACA-8646-45A8-86CD-1A5BE598D2E7}.Ad-Hoc|x86.Build.0 = Release|x86
		{2DFA4ACA-8646-45A8-86CD-1A5BE598D2E7}.Ad-Hoc|x86.Deploy.0 = Release|x86
		{2DFA4ACA-8646-45A8-86CD-1A5BE598D2E7}.AppStore|Any CPU.ActiveCfg = Release|x86
		{2DFA4ACA-8646-45A8-86CD-1A5BE598D2E7}.AppStore|Any CPU.Build.0 = Release|x86
		{2DFA4ACA-8646-45A8-86CD-1A5BE598D2E7}.AppStore|Any CPU.Deploy.0 = Release|x86
		{2DFA4ACA-8646-45A8-86CD-1A5BE598D2E7}.AppStore|ARM.ActiveCfg = Release|ARM
		{2DFA4ACA-8646-45A8-86CD-1A5BE598D2E7}.AppStore|ARM.Build.0 = Release|ARM
		{2DFA4ACA-8646-45A8-86CD-1A5BE598D2E7}.AppStore|ARM.Deploy.0 = Release|ARM
		{2DFA4ACA-8646-45A8-86CD-1A5BE598D2E7}.AppStore|iPhone.ActiveCfg = Release|x86
		{2DFA4ACA-8646-45A8-86CD-1A5BE598D2E7}.AppStore|iPhone.Build.0 = Release|x86
		{2DFA4ACA-8646-45A8-86CD-1A5BE598D2E7}.AppStore|iPhone.Deploy.0 = Release|x86
		{2DFA4ACA-8646-45A8-86CD-1A5BE598D2E7}.AppStore|iPhoneSimulator.ActiveCfg = Release|x86
		{2DFA4ACA-8646-45A8-86CD-1A5BE598D2E7}.AppStore|iPhoneSimulator.Build.0 = Release|x86
		{2DFA4ACA-8646-45A8-86CD-1A5BE598D2E7}.AppStore|iPhoneSimulator.Deploy.0 = Release|x86
		{2DFA4ACA-8646-45A8-86CD-1A5BE598D2E7}.AppStore|x64.ActiveCfg = Release|x64
		{2DFA4ACA-8646-45A8-86CD-1A5BE598D2E7}.AppStore|x64.Build.0 = Release|x64
		{2DFA4ACA-8646-45A8-86CD-1A5BE598D2E7}.AppStore|x64.Deploy.0 = Release|x64
		{2DFA4ACA-8646-45A8-86CD-1A5BE598D2E7}.AppStore|x86.ActiveCfg = Release|x86
		{2DFA4ACA-8646-45A8-86CD-1A5BE598D2E7}.AppStore|x86.Build.0 = Release|x86
		{2DFA4ACA-8646-45A8-86CD-1A5BE598D2E7}.AppStore|x86.Deploy.0 = Release|x86
		{2DFA4ACA-8646-45A8-86CD-1A5BE598D2E7}.Debug|Any CPU.ActiveCfg = Debug|x86
		{2DFA4ACA-8646-45A8-86CD-1A5BE598D2E7}.Debug|ARM.ActiveCfg = Debug|ARM
		{2DFA4ACA-8646-45A8-86CD-1A5BE598D2E7}.Debug|ARM.Build.0 = Debug|ARM
		{2DFA4ACA-8646-45A8-86CD-1A5BE598D2E7}.Debug|ARM.Deploy.0 = Debug|ARM
		{2DFA4ACA-8646-45A8-86CD-1A5BE598D2E7}.Debug|iPhone.ActiveCfg = Debug|x86
		{2DFA4ACA-8646-45A8-86CD-1A5BE598D2E7}.Debug|iPhoneSimulator.ActiveCfg = Debug|x86
		{2DFA4ACA-8646-45A8-86CD-1A5BE598D2E7}.Debug|x64.ActiveCfg = Debug|x64
		{2DFA4ACA-8646-45A8-86CD-1A5BE598D2E7}.Debug|x64.Build.0 = Debug|x64
		{2DFA4ACA-8646-45A8-86CD-1A5BE598D2E7}.Debug|x64.Deploy.0 = Debug|x64
		{2DFA4ACA-8646-45A8-86CD-1A5BE598D2E7}.Debug|x86.ActiveCfg = Debug|x86
		{2DFA4ACA-8646-45A8-86CD-1A5BE598D2E7}.Debug|x86.Build.0 = Debug|x86
		{2DFA4ACA-8646-45A8-86CD-1A5BE598D2E7}.Debug|x86.Deploy.0 = Debug|x86
		{2DFA4ACA-8646-45A8-86CD-1A5BE598D2E7}.DesktopDebug|Any CPU.ActiveCfg = Debug|x86
		{2DFA4ACA-8646-45A8-86CD-1A5BE598D2E7}.DesktopDebug|ARM.ActiveCfg = Debug|ARM
		{2DFA4ACA-8646-45A8-86CD-1A5BE598D2E7}.DesktopDebug|ARM.Build.0 = Debug|ARM
		{2DFA4ACA-8646-45A8-86CD-1A5BE598D2E7}.DesktopDebug|ARM.Deploy.0 = Debug|ARM
		{2DFA4ACA-8646-45A8-86CD-1A5BE598D2E7}.DesktopDebug|iPhone.ActiveCfg = Debug|x86
		{2DFA4ACA-8646-45A8-86CD-1A5BE598D2E7}.DesktopDebug|iPhoneSimulator.ActiveCfg = Debug|x86
		{2DFA4ACA-8646-45A8-86CD-1A5BE598D2E7}.DesktopDebug|x64.ActiveCfg = Debug|x64
		{2DFA4ACA-8646-45A8-86CD-1A5BE598D2E7}.DesktopDebug|x64.Build.0 = Debug|x64
		{2DFA4ACA-8646-45A8-86CD-1A5BE598D2E7}.DesktopDebug|x64.Deploy.0 = Debug|x64
		{2DFA4ACA-8646-45A8-86CD-1A5BE598D2E7}.DesktopDebug|x86.ActiveCfg = Debug|x86
		{2DFA4ACA-8646-45A8-86CD-1A5BE598D2E7}.Release|Any CPU.ActiveCfg = Release|x86
		{2DFA4ACA-8646-45A8-86CD-1A5BE598D2E7}.Release|ARM.ActiveCfg = Release|ARM
		{2DFA4ACA-8646-45A8-86CD-1A5BE598D2E7}.Release|ARM.Build.0 = Release|ARM
		{2DFA4ACA-8646-45A8-86CD-1A5BE598D2E7}.Release|ARM.Deploy.0 = Release|ARM
		{2DFA4ACA-8646-45A8-86CD-1A5BE598D2E7}.Release|iPhone.ActiveCfg = Release|x86
		{2DFA4ACA-8646-45A8-86CD-1A5BE598D2E7}.Release|iPhoneSimulator.ActiveCfg = Release|x86
		{2DFA4ACA-8646-45A8-86CD-1A5BE598D2E7}.Release|x64.ActiveCfg = Release|x64
		{2DFA4ACA-8646-45A8-86CD-1A5BE598D2E7}.Release|x64.Build.0 = Release|x64
		{2DFA4ACA-8646-45A8-86CD-1A5BE598D2E7}.Release|x64.Deploy.0 = Release|x64
		{2DFA4ACA-8646-45A8-86CD-1A5BE598D2E7}.Release|x86.ActiveCfg = Release|x86
		{2DFA4ACA-8646-45A8-86CD-1A5BE598D2E7}.Release|x86.Build.0 = Release|x86
		{2DFA4ACA-8646-45A8-86CD-1A5BE598D2E7}.Release|x86.Deploy.0 = Release|x86
		{6C7C523B-FA3C-462C-BFDA-EDBBE7627457}.Ad-Hoc|Any CPU.ActiveCfg = Debug|Any CPU
		{6C7C523B-FA3C-462C-BFDA-EDBBE7627457}.Ad-Hoc|Any CPU.Build.0 = Debug|Any CPU
		{6C7C523B-FA3C-462C-BFDA-EDBBE7627457}.Ad-Hoc|ARM.ActiveCfg = Debug|Any CPU
		{6C7C523B-FA3C-462C-BFDA-EDBBE7627457}.Ad-Hoc|ARM.Build.0 = Debug|Any CPU
		{6C7C523B-FA3C-462C-BFDA-EDBBE7627457}.Ad-Hoc|iPhone.ActiveCfg = Debug|Any CPU
		{6C7C523B-FA3C-462C-BFDA-EDBBE7627457}.Ad-Hoc|iPhone.Build.0 = Debug|Any CPU
		{6C7C523B-FA3C-462C-BFDA-EDBBE7627457}.Ad-Hoc|iPhoneSimulator.ActiveCfg = Debug|Any CPU
		{6C7C523B-FA3C-462C-BFDA-EDBBE7627457}.Ad-Hoc|iPhoneSimulator.Build.0 = Debug|Any CPU
		{6C7C523B-FA3C-462C-BFDA-EDBBE7627457}.Ad-Hoc|x64.ActiveCfg = Debug|Any CPU
		{6C7C523B-FA3C-462C-BFDA-EDBBE7627457}.Ad-Hoc|x64.Build.0 = Debug|Any CPU
		{6C7C523B-FA3C-462C-BFDA-EDBBE7627457}.Ad-Hoc|x86.ActiveCfg = Debug|Any CPU
		{6C7C523B-FA3C-462C-BFDA-EDBBE7627457}.Ad-Hoc|x86.Build.0 = Debug|Any CPU
		{6C7C523B-FA3C-462C-BFDA-EDBBE7627457}.AppStore|Any CPU.ActiveCfg = Debug|Any CPU
		{6C7C523B-FA3C-462C-BFDA-EDBBE7627457}.AppStore|Any CPU.Build.0 = Debug|Any CPU
		{6C7C523B-FA3C-462C-BFDA-EDBBE7627457}.AppStore|ARM.ActiveCfg = Debug|Any CPU
		{6C7C523B-FA3C-462C-BFDA-EDBBE7627457}.AppStore|ARM.Build.0 = Debug|Any CPU
		{6C7C523B-FA3C-462C-BFDA-EDBBE7627457}.AppStore|iPhone.ActiveCfg = Debug|Any CPU
		{6C7C523B-FA3C-462C-BFDA-EDBBE7627457}.AppStore|iPhone.Build.0 = Debug|Any CPU
		{6C7C523B-FA3C-462C-BFDA-EDBBE7627457}.AppStore|iPhoneSimulator.ActiveCfg = Debug|Any CPU
		{6C7C523B-FA3C-462C-BFDA-EDBBE7627457}.AppStore|iPhoneSimulator.Build.0 = Debug|Any CPU
		{6C7C523B-FA3C-462C-BFDA-EDBBE7627457}.AppStore|x64.ActiveCfg = Debug|Any CPU
		{6C7C523B-FA3C-462C-BFDA-EDBBE7627457}.AppStore|x64.Build.0 = Debug|Any CPU
		{6C7C523B-FA3C-462C-BFDA-EDBBE7627457}.AppStore|x86.ActiveCfg = Debug|Any CPU
		{6C7C523B-FA3C-462C-BFDA-EDBBE7627457}.AppStore|x86.Build.0 = Debug|Any CPU
		{6C7C523B-FA3C-462C-BFDA-EDBBE7627457}.Debug|Any CPU.ActiveCfg = Debug|Any CPU
		{6C7C523B-FA3C-462C-BFDA-EDBBE7627457}.Debug|Any CPU.Build.0 = Debug|Any CPU
		{6C7C523B-FA3C-462C-BFDA-EDBBE7627457}.Debug|ARM.ActiveCfg = Debug|Any CPU
		{6C7C523B-FA3C-462C-BFDA-EDBBE7627457}.Debug|ARM.Build.0 = Debug|Any CPU
		{6C7C523B-FA3C-462C-BFDA-EDBBE7627457}.Debug|iPhone.ActiveCfg = Debug|Any CPU
		{6C7C523B-FA3C-462C-BFDA-EDBBE7627457}.Debug|iPhone.Build.0 = Debug|Any CPU
		{6C7C523B-FA3C-462C-BFDA-EDBBE7627457}.Debug|iPhoneSimulator.ActiveCfg = Debug|Any CPU
		{6C7C523B-FA3C-462C-BFDA-EDBBE7627457}.Debug|iPhoneSimulator.Build.0 = Debug|Any CPU
		{6C7C523B-FA3C-462C-BFDA-EDBBE7627457}.Debug|x64.ActiveCfg = Debug|Any CPU
		{6C7C523B-FA3C-462C-BFDA-EDBBE7627457}.Debug|x64.Build.0 = Debug|Any CPU
		{6C7C523B-FA3C-462C-BFDA-EDBBE7627457}.Debug|x86.ActiveCfg = Debug|Any CPU
		{6C7C523B-FA3C-462C-BFDA-EDBBE7627457}.Debug|x86.Build.0 = Debug|Any CPU
		{6C7C523B-FA3C-462C-BFDA-EDBBE7627457}.DesktopDebug|Any CPU.ActiveCfg = Debug|Any CPU
		{6C7C523B-FA3C-462C-BFDA-EDBBE7627457}.DesktopDebug|Any CPU.Build.0 = Debug|Any CPU
		{6C7C523B-FA3C-462C-BFDA-EDBBE7627457}.DesktopDebug|ARM.ActiveCfg = Debug|Any CPU
		{6C7C523B-FA3C-462C-BFDA-EDBBE7627457}.DesktopDebug|ARM.Build.0 = Debug|Any CPU
		{6C7C523B-FA3C-462C-BFDA-EDBBE7627457}.DesktopDebug|iPhone.ActiveCfg = Debug|Any CPU
		{6C7C523B-FA3C-462C-BFDA-EDBBE7627457}.DesktopDebug|iPhone.Build.0 = Debug|Any CPU
		{6C7C523B-FA3C-462C-BFDA-EDBBE7627457}.DesktopDebug|iPhoneSimulator.ActiveCfg = Debug|Any CPU
		{6C7C523B-FA3C-462C-BFDA-EDBBE7627457}.DesktopDebug|iPhoneSimulator.Build.0 = Debug|Any CPU
		{6C7C523B-FA3C-462C-BFDA-EDBBE7627457}.DesktopDebug|x64.ActiveCfg = Debug|Any CPU
		{6C7C523B-FA3C-462C-BFDA-EDBBE7627457}.DesktopDebug|x64.Build.0 = Debug|Any CPU
		{6C7C523B-FA3C-462C-BFDA-EDBBE7627457}.DesktopDebug|x86.ActiveCfg = Debug|Any CPU
		{6C7C523B-FA3C-462C-BFDA-EDBBE7627457}.DesktopDebug|x86.Build.0 = Debug|Any CPU
		{6C7C523B-FA3C-462C-BFDA-EDBBE7627457}.Release|Any CPU.ActiveCfg = Release|Any CPU
		{6C7C523B-FA3C-462C-BFDA-EDBBE7627457}.Release|Any CPU.Build.0 = Release|Any CPU
		{6C7C523B-FA3C-462C-BFDA-EDBBE7627457}.Release|ARM.ActiveCfg = Release|Any CPU
		{6C7C523B-FA3C-462C-BFDA-EDBBE7627457}.Release|ARM.Build.0 = Release|Any CPU
		{6C7C523B-FA3C-462C-BFDA-EDBBE7627457}.Release|iPhone.ActiveCfg = Release|Any CPU
		{6C7C523B-FA3C-462C-BFDA-EDBBE7627457}.Release|iPhone.Build.0 = Release|Any CPU
		{6C7C523B-FA3C-462C-BFDA-EDBBE7627457}.Release|iPhoneSimulator.ActiveCfg = Release|Any CPU
		{6C7C523B-FA3C-462C-BFDA-EDBBE7627457}.Release|iPhoneSimulator.Build.0 = Release|Any CPU
		{6C7C523B-FA3C-462C-BFDA-EDBBE7627457}.Release|x64.ActiveCfg = Release|Any CPU
		{6C7C523B-FA3C-462C-BFDA-EDBBE7627457}.Release|x64.Build.0 = Release|Any CPU
		{6C7C523B-FA3C-462C-BFDA-EDBBE7627457}.Release|x86.ActiveCfg = Release|Any CPU
		{6C7C523B-FA3C-462C-BFDA-EDBBE7627457}.Release|x86.Build.0 = Release|Any CPU
	EndGlobalSection
	GlobalSection(SolutionProperties) = preSolution
		HideSolutionNode = FALSE
	EndGlobalSection
	GlobalSection(NestedProjects) = preSolution
		{CE961965-D216-43F1-A638-853FFE04B041} = {9222FE4D-8F86-467C-9A0A-1719992AB3DB}
		{7DD6DB95-4CFE-46DF-8E81-B6ED3844DBC0} = {9222FE4D-8F86-467C-9A0A-1719992AB3DB}
		{FB1865E6-3F87-4F85-9A36-F40ECA227196} = {9222FE4D-8F86-467C-9A0A-1719992AB3DB}
		{2DFA4ACA-8646-45A8-86CD-1A5BE598D2E7} = {9222FE4D-8F86-467C-9A0A-1719992AB3DB}
	EndGlobalSection
	GlobalSection(ExtensibilityGlobals) = postSolution
		SolutionGuid = {36DB49D9-00C3-4D31-9409-CC35D6458CB0}
	EndGlobalSection
EndGlobal
