
Microsoft Visual Studio Solution File, Format Version 12.00
# Visual Studio 15
VisualStudioVersion = 15.0.26730.16
MinimumVisualStudioVersion = 10.0.40219.1
Project("{FAE04EC0-301F-11D3-BF4B-00C04F79EFBC}") = "Qint.Android", "Qint\Qint.Android\Qint.Android.csproj", "{CE961965-D216-43F1-A638-853FFE04B041}"
EndProject
Project("{FAE04EC0-301F-11D3-BF4B-00C04F79EFBC}") = "Qint", "Qint\Qint\Qint.csproj", "{7DD6DB95-4CFE-46DF-8E81-B6ED3844DBC0}"
EndProject
Project("{FAE04EC0-301F-11D3-BF4B-00C04F79EFBC}") = "Qint.UWP", "Qint\Qint.UWP\Qint.UWP.csproj", "{4F60AF35-76CD-470B-A4C2-1F7E2C7E8DC5}"
EndProject
Project("{FAE04EC0-301F-11D3-BF4B-00C04F79EFBC}") = "Qint.iOS", "Qint\Qint.iOS\Qint.iOS.csproj", "{FB1865E6-3F87-4F85-9A36-F40ECA227196}"
EndProject
Project("{2150E333-8FDC-42A3-9474-1A3956D46DE8}") = "mobile", "mobile", "{9222FE4D-8F86-467C-9A0A-1719992AB3DB}"
EndProject
Project("{9A19103F-16F7-4668-BE54-9A1E7A4F7556}") = "WrapperCore", "WrapperCore\WrapperCore.csproj", "{7C4A45C6-A454-4123-A81B-8A57DE12AE71}"
EndProject
Project("{FAE04EC0-301F-11D3-BF4B-00C04F79EFBC}") = "Qint.Desktop", "Qint.Desktop\Qint.Desktop.csproj", "{C1A3EC93-9400-453C-85D4-6A944692715E}"
EndProject
Global
	GlobalSection(SolutionConfigurationPlatforms) = preSolution
		Ad-Hoc|Any CPU = Ad-Hoc|Any CPU
		Ad-Hoc|ARM = Ad-Hoc|ARM
		Ad-Hoc|iPhone = Ad-Hoc|iPhone
		Ad-Hoc|iPhoneSimulator = Ad-Hoc|iPhoneSimulator
		Ad-Hoc|x64 = Ad-Hoc|x64
		Ad-Hoc|x86 = Ad-Hoc|x86
		AppStore|Any CPU = AppStore|Any CPU
		AppStore|ARM = AppStore|ARM
		AppStore|iPhone = AppStore|iPhone
		AppStore|iPhoneSimulator = AppStore|iPhoneSimulator
		AppStore|x64 = AppStore|x64
		AppStore|x86 = AppStore|x86
		Debug|Any CPU = Debug|Any CPU
		Debug|ARM = Debug|ARM
		Debug|iPhone = Debug|iPhone
		Debug|iPhoneSimulator = Debug|iPhoneSimulator
		Debug|x64 = Debug|x64
		Debug|x86 = Debug|x86
		Release|Any CPU = Release|Any CPU
		Release|ARM = Release|ARM
		Release|iPhone = Release|iPhone
		Release|iPhoneSimulator = Release|iPhoneSimulator
		Release|x64 = Release|x64
		Release|x86 = Release|x86
	EndGlobalSection
	GlobalSection(ProjectConfigurationPlatforms) = postSolution
		{CE961965-D216-43F1-A638-853FFE04B041}.Ad-Hoc|Any CPU.ActiveCfg = Release|Any CPU
		{CE961965-D216-43F1-A638-853FFE04B041}.Ad-Hoc|Any CPU.Build.0 = Release|Any CPU
		{CE961965-D216-43F1-A638-853FFE04B041}.Ad-Hoc|Any CPU.Deploy.0 = Release|Any CPU
		{CE961965-D216-43F1-A638-853FFE04B041}.Ad-Hoc|ARM.ActiveCfg = Release|Any CPU
		{CE961965-D216-43F1-A638-853FFE04B041}.Ad-Hoc|ARM.Build.0 = Release|Any CPU
		{CE961965-D216-43F1-A638-853FFE04B041}.Ad-Hoc|ARM.Deploy.0 = Release|Any CPU
		{CE961965-D216-43F1-A638-853FFE04B041}.Ad-Hoc|iPhone.ActiveCfg = Release|Any CPU
		{CE961965-D216-43F1-A638-853FFE04B041}.Ad-Hoc|iPhone.Build.0 = Release|Any CPU
		{CE961965-D216-43F1-A638-853FFE04B041}.Ad-Hoc|iPhone.Deploy.0 = Release|Any CPU
		{CE961965-D216-43F1-A638-853FFE04B041}.Ad-Hoc|iPhoneSimulator.ActiveCfg = Release|Any CPU
		{CE961965-D216-43F1-A638-853FFE04B041}.Ad-Hoc|iPhoneSimulator.Build.0 = Release|Any CPU
		{CE961965-D216-43F1-A638-853FFE04B041}.Ad-Hoc|iPhoneSimulator.Deploy.0 = Release|Any CPU
		{CE961965-D216-43F1-A638-853FFE04B041}.Ad-Hoc|x64.ActiveCfg = Release|Any CPU
		{CE961965-D216-43F1-A638-853FFE04B041}.Ad-Hoc|x64.Build.0 = Release|Any CPU
		{CE961965-D216-43F1-A638-853FFE04B041}.Ad-Hoc|x64.Deploy.0 = Release|Any CPU
		{CE961965-D216-43F1-A638-853FFE04B041}.Ad-Hoc|x86.ActiveCfg = Release|Any CPU
		{CE961965-D216-43F1-A638-853FFE04B041}.Ad-Hoc|x86.Build.0 = Release|Any CPU
		{CE961965-D216-43F1-A638-853FFE04B041}.Ad-Hoc|x86.Deploy.0 = Release|Any CPU
		{CE961965-D216-43F1-A638-853FFE04B041}.AppStore|Any CPU.ActiveCfg = Release|Any CPU
		{CE961965-D216-43F1-A638-853FFE04B041}.AppStore|Any CPU.Build.0 = Release|Any CPU
		{CE961965-D216-43F1-A638-853FFE04B041}.AppStore|Any CPU.Deploy.0 = Release|Any CPU
		{CE961965-D216-43F1-A638-853FFE04B041}.AppStore|ARM.ActiveCfg = Release|Any CPU
		{CE961965-D216-43F1-A638-853FFE04B041}.AppStore|ARM.Build.0 = Release|Any CPU
		{CE961965-D216-43F1-A638-853FFE04B041}.AppStore|ARM.Deploy.0 = Release|Any CPU
		{CE961965-D216-43F1-A638-853FFE04B041}.AppStore|iPhone.ActiveCfg = Release|Any CPU
		{CE961965-D216-43F1-A638-853FFE04B041}.AppStore|iPhone.Build.0 = Release|Any CPU
		{CE961965-D216-43F1-A638-853FFE04B041}.AppStore|iPhone.Deploy.0 = Release|Any CPU
		{CE961965-D216-43F1-A638-853FFE04B041}.AppStore|iPhoneSimulator.ActiveCfg = Release|Any CPU
		{CE961965-D216-43F1-A638-853FFE04B041}.AppStore|iPhoneSimulator.Build.0 = Release|Any CPU
		{CE961965-D216-43F1-A638-853FFE04B041}.AppStore|iPhoneSimulator.Deploy.0 = Release|Any CPU
		{CE961965-D216-43F1-A638-853FFE04B041}.AppStore|x64.ActiveCfg = Release|Any CPU
		{CE961965-D216-43F1-A638-853FFE04B041}.AppStore|x64.Build.0 = Release|Any CPU
		{CE961965-D216-43F1-A638-853FFE04B041}.AppStore|x64.Deploy.0 = Release|Any CPU
		{CE961965-D216-43F1-A638-853FFE04B041}.AppStore|x86.ActiveCfg = Release|Any CPU
		{CE961965-D216-43F1-A638-853FFE04B041}.AppStore|x86.Build.0 = Release|Any CPU
		{CE961965-D216-43F1-A638-853FFE04B041}.AppStore|x86.Deploy.0 = Release|Any CPU
		{CE961965-D216-43F1-A638-853FFE04B041}.Debug|Any CPU.ActiveCfg = Debug|Any CPU
		{CE961965-D216-43F1-A638-853FFE04B041}.Debug|Any CPU.Build.0 = Debug|Any CPU
		{CE961965-D216-43F1-A638-853FFE04B041}.Debug|Any CPU.Deploy.0 = Debug|Any CPU
		{CE961965-D216-43F1-A638-853FFE04B041}.Debug|ARM.ActiveCfg = Debug|Any CPU
		{CE961965-D216-43F1-A638-853FFE04B041}.Debug|ARM.Build.0 = Debug|Any CPU
		{CE961965-D216-43F1-A638-853FFE04B041}.Debug|ARM.Deploy.0 = Debug|Any CPU
		{CE961965-D216-43F1-A638-853FFE04B041}.Debug|iPhone.ActiveCfg = Debug|Any CPU
		{CE961965-D216-43F1-A638-853FFE04B041}.Debug|iPhone.Build.0 = Debug|Any CPU
		{CE961965-D216-43F1-A638-853FFE04B041}.Debug|iPhone.Deploy.0 = Debug|Any CPU
		{CE961965-D216-43F1-A638-853FFE04B041}.Debug|iPhoneSimulator.ActiveCfg = Debug|Any CPU
		{CE961965-D216-43F1-A638-853FFE04B041}.Debug|iPhoneSimulator.Build.0 = Debug|Any CPU
		{CE961965-D216-43F1-A638-853FFE04B041}.Debug|iPhoneSimulator.Deploy.0 = Debug|Any CPU
		{CE961965-D216-43F1-A638-853FFE04B041}.Debug|x64.ActiveCfg = Debug|Any CPU
		{CE961965-D216-43F1-A638-853FFE04B041}.Debug|x64.Build.0 = Debug|Any CPU
		{CE961965-D216-43F1-A638-853FFE04B041}.Debug|x64.Deploy.0 = Debug|Any CPU
		{CE961965-D216-43F1-A638-853FFE04B041}.Debug|x86.ActiveCfg = Debug|Any CPU
		{CE961965-D216-43F1-A638-853FFE04B041}.Debug|x86.Build.0 = Debug|Any CPU
		{CE961965-D216-43F1-A638-853FFE04B041}.Debug|x86.Deploy.0 = Debug|Any CPU
		{CE961965-D216-43F1-A638-853FFE04B041}.Release|Any CPU.ActiveCfg = Release|Any CPU
		{CE961965-D216-43F1-A638-853FFE04B041}.Release|Any CPU.Build.0 = Release|Any CPU
		{CE961965-D216-43F1-A638-853FFE04B041}.Release|Any CPU.Deploy.0 = Release|Any CPU
		{CE961965-D216-43F1-A638-853FFE04B041}.Release|ARM.ActiveCfg = Release|Any CPU
		{CE961965-D216-43F1-A638-853FFE04B041}.Release|ARM.Build.0 = Release|Any CPU
		{CE961965-D216-43F1-A638-853FFE04B041}.Release|ARM.Deploy.0 = Release|Any CPU
		{CE961965-D216-43F1-A638-853FFE04B041}.Release|iPhone.ActiveCfg = Release|Any CPU
		{CE961965-D216-43F1-A638-853FFE04B041}.Release|iPhone.Build.0 = Release|Any CPU
		{CE961965-D216-43F1-A638-853FFE04B041}.Release|iPhone.Deploy.0 = Release|Any CPU
		{CE961965-D216-43F1-A638-853FFE04B041}.Release|iPhoneSimulator.ActiveCfg = Release|Any CPU
		{CE961965-D216-43F1-A638-853FFE04B041}.Release|iPhoneSimulator.Build.0 = Release|Any CPU
		{CE961965-D216-43F1-A638-853FFE04B041}.Release|iPhoneSimulator.Deploy.0 = Release|Any CPU
		{CE961965-D216-43F1-A638-853FFE04B041}.Release|x64.ActiveCfg = Release|Any CPU
		{CE961965-D216-43F1-A638-853FFE04B041}.Release|x64.Build.0 = Release|Any CPU
		{CE961965-D216-43F1-A638-853FFE04B041}.Release|x64.Deploy.0 = Release|Any CPU
		{CE961965-D216-43F1-A638-853FFE04B041}.Release|x86.ActiveCfg = Release|Any CPU
		{CE961965-D216-43F1-A638-853FFE04B041}.Release|x86.Build.0 = Release|Any CPU
		{CE961965-D216-43F1-A638-853FFE04B041}.Release|x86.Deploy.0 = Release|Any CPU
		{7DD6DB95-4CFE-46DF-8E81-B6ED3844DBC0}.Ad-Hoc|Any CPU.ActiveCfg = Release|Any CPU
		{7DD6DB95-4CFE-46DF-8E81-B6ED3844DBC0}.Ad-Hoc|Any CPU.Build.0 = Release|Any CPU
		{7DD6DB95-4CFE-46DF-8E81-B6ED3844DBC0}.Ad-Hoc|ARM.ActiveCfg = Release|Any CPU
		{7DD6DB95-4CFE-46DF-8E81-B6ED3844DBC0}.Ad-Hoc|ARM.Build.0 = Release|Any CPU
		{7DD6DB95-4CFE-46DF-8E81-B6ED3844DBC0}.Ad-Hoc|iPhone.ActiveCfg = Release|Any CPU
		{7DD6DB95-4CFE-46DF-8E81-B6ED3844DBC0}.Ad-Hoc|iPhone.Build.0 = Release|Any CPU
		{7DD6DB95-4CFE-46DF-8E81-B6ED3844DBC0}.Ad-Hoc|iPhoneSimulator.ActiveCfg = Release|Any CPU
		{7DD6DB95-4CFE-46DF-8E81-B6ED3844DBC0}.Ad-Hoc|iPhoneSimulator.Build.0 = Release|Any CPU
		{7DD6DB95-4CFE-46DF-8E81-B6ED3844DBC0}.Ad-Hoc|x64.ActiveCfg = Release|Any CPU
		{7DD6DB95-4CFE-46DF-8E81-B6ED3844DBC0}.Ad-Hoc|x64.Build.0 = Release|Any CPU
		{7DD6DB95-4CFE-46DF-8E81-B6ED3844DBC0}.Ad-Hoc|x86.ActiveCfg = Release|Any CPU
		{7DD6DB95-4CFE-46DF-8E81-B6ED3844DBC0}.Ad-Hoc|x86.Build.0 = Release|Any CPU
		{7DD6DB95-4CFE-46DF-8E81-B6ED3844DBC0}.AppStore|Any CPU.ActiveCfg = Release|Any CPU
		{7DD6DB95-4CFE-46DF-8E81-B6ED3844DBC0}.AppStore|Any CPU.Build.0 = Release|Any CPU
		{7DD6DB95-4CFE-46DF-8E81-B6ED3844DBC0}.AppStore|ARM.ActiveCfg = Release|Any CPU
		{7DD6DB95-4CFE-46DF-8E81-B6ED3844DBC0}.AppStore|ARM.Build.0 = Release|Any CPU
		{7DD6DB95-4CFE-46DF-8E81-B6ED3844DBC0}.AppStore|iPhone.ActiveCfg = Release|Any CPU
		{7DD6DB95-4CFE-46DF-8E81-B6ED3844DBC0}.AppStore|iPhone.Build.0 = Release|Any CPU
		{7DD6DB95-4CFE-46DF-8E81-B6ED3844DBC0}.AppStore|iPhoneSimulator.ActiveCfg = Release|Any CPU
		{7DD6DB95-4CFE-46DF-8E81-B6ED3844DBC0}.AppStore|iPhoneSimulator.Build.0 = Release|Any CPU
		{7DD6DB95-4CFE-46DF-8E81-B6ED3844DBC0}.AppStore|x64.ActiveCfg = Release|Any CPU
		{7DD6DB95-4CFE-46DF-8E81-B6ED3844DBC0}.AppStore|x64.Build.0 = Release|Any CPU
		{7DD6DB95-4CFE-46DF-8E81-B6ED3844DBC0}.AppStore|x86.ActiveCfg = Release|Any CPU
		{7DD6DB95-4CFE-46DF-8E81-B6ED3844DBC0}.AppStore|x86.Build.0 = Release|Any CPU
		{7DD6DB95-4CFE-46DF-8E81-B6ED3844DBC0}.Debug|Any CPU.ActiveCfg = Debug|Any CPU
		{7DD6DB95-4CFE-46DF-8E81-B6ED3844DBC0}.Debug|Any CPU.Build.0 = Debug|Any CPU
		{7DD6DB95-4CFE-46DF-8E81-B6ED3844DBC0}.Debug|ARM.ActiveCfg = Debug|Any CPU
		{7DD6DB95-4CFE-46DF-8E81-B6ED3844DBC0}.Debug|ARM.Build.0 = Debug|Any CPU
		{7DD6DB95-4CFE-46DF-8E81-B6ED3844DBC0}.Debug|iPhone.ActiveCfg = Debug|Any CPU
		{7DD6DB95-4CFE-46DF-8E81-B6ED3844DBC0}.Debug|iPhone.Build.0 = Debug|Any CPU
		{7DD6DB95-4CFE-46DF-8E81-B6ED3844DBC0}.Debug|iPhoneSimulator.ActiveCfg = Debug|Any CPU
		{7DD6DB95-4CFE-46DF-8E81-B6ED3844DBC0}.Debug|iPhoneSimulator.Build.0 = Debug|Any CPU
		{7DD6DB95-4CFE-46DF-8E81-B6ED3844DBC0}.Debug|x64.ActiveCfg = Debug|Any CPU
		{7DD6DB95-4CFE-46DF-8E81-B6ED3844DBC0}.Debug|x64.Build.0 = Debug|Any CPU
		{7DD6DB95-4CFE-46DF-8E81-B6ED3844DBC0}.Debug|x86.ActiveCfg = Debug|Any CPU
		{7DD6DB95-4CFE-46DF-8E81-B6ED3844DBC0}.Debug|x86.Build.0 = Debug|Any CPU
		{7DD6DB95-4CFE-46DF-8E81-B6ED3844DBC0}.Release|Any CPU.ActiveCfg = Release|Any CPU
		{7DD6DB95-4CFE-46DF-8E81-B6ED3844DBC0}.Release|Any CPU.Build.0 = Release|Any CPU
		{7DD6DB95-4CFE-46DF-8E81-B6ED3844DBC0}.Release|ARM.ActiveCfg = Release|Any CPU
		{7DD6DB95-4CFE-46DF-8E81-B6ED3844DBC0}.Release|ARM.Build.0 = Release|Any CPU
		{7DD6DB95-4CFE-46DF-8E81-B6ED3844DBC0}.Release|iPhone.ActiveCfg = Release|Any CPU
		{7DD6DB95-4CFE-46DF-8E81-B6ED3844DBC0}.Release|iPhone.Build.0 = Release|Any CPU
		{7DD6DB95-4CFE-46DF-8E81-B6ED3844DBC0}.Release|iPhoneSimulator.ActiveCfg = Release|Any CPU
		{7DD6DB95-4CFE-46DF-8E81-B6ED3844DBC0}.Release|iPhoneSimulator.Build.0 = Release|Any CPU
		{7DD6DB95-4CFE-46DF-8E81-B6ED3844DBC0}.Release|x64.ActiveCfg = Release|Any CPU
		{7DD6DB95-4CFE-46DF-8E81-B6ED3844DBC0}.Release|x64.Build.0 = Release|Any CPU
		{7DD6DB95-4CFE-46DF-8E81-B6ED3844DBC0}.Release|x86.ActiveCfg = Release|Any CPU
		{7DD6DB95-4CFE-46DF-8E81-B6ED3844DBC0}.Release|x86.Build.0 = Release|Any CPU
		{4F60AF35-76CD-470B-A4C2-1F7E2C7E8DC5}.Ad-Hoc|Any CPU.ActiveCfg = Release|x86
		{4F60AF35-76CD-470B-A4C2-1F7E2C7E8DC5}.Ad-Hoc|Any CPU.Build.0 = Release|x86
		{4F60AF35-76CD-470B-A4C2-1F7E2C7E8DC5}.Ad-Hoc|Any CPU.Deploy.0 = Release|x86
		{4F60AF35-76CD-470B-A4C2-1F7E2C7E8DC5}.Ad-Hoc|ARM.ActiveCfg = Release|ARM
		{4F60AF35-76CD-470B-A4C2-1F7E2C7E8DC5}.Ad-Hoc|ARM.Build.0 = Release|ARM
		{4F60AF35-76CD-470B-A4C2-1F7E2C7E8DC5}.Ad-Hoc|ARM.Deploy.0 = Release|ARM
		{4F60AF35-76CD-470B-A4C2-1F7E2C7E8DC5}.Ad-Hoc|iPhone.ActiveCfg = Release|x86
		{4F60AF35-76CD-470B-A4C2-1F7E2C7E8DC5}.Ad-Hoc|iPhone.Build.0 = Release|x86
		{4F60AF35-76CD-470B-A4C2-1F7E2C7E8DC5}.Ad-Hoc|iPhone.Deploy.0 = Release|x86
		{4F60AF35-76CD-470B-A4C2-1F7E2C7E8DC5}.Ad-Hoc|iPhoneSimulator.ActiveCfg = Release|x86
		{4F60AF35-76CD-470B-A4C2-1F7E2C7E8DC5}.Ad-Hoc|iPhoneSimulator.Build.0 = Release|x86
		{4F60AF35-76CD-470B-A4C2-1F7E2C7E8DC5}.Ad-Hoc|iPhoneSimulator.Deploy.0 = Release|x86
		{4F60AF35-76CD-470B-A4C2-1F7E2C7E8DC5}.Ad-Hoc|x64.ActiveCfg = Release|x64
		{4F60AF35-76CD-470B-A4C2-1F7E2C7E8DC5}.Ad-Hoc|x64.Build.0 = Release|x64
		{4F60AF35-76CD-470B-A4C2-1F7E2C7E8DC5}.Ad-Hoc|x64.Deploy.0 = Release|x64
		{4F60AF35-76CD-470B-A4C2-1F7E2C7E8DC5}.Ad-Hoc|x86.ActiveCfg = Release|x86
		{4F60AF35-76CD-470B-A4C2-1F7E2C7E8DC5}.Ad-Hoc|x86.Build.0 = Release|x86
		{4F60AF35-76CD-470B-A4C2-1F7E2C7E8DC5}.Ad-Hoc|x86.Deploy.0 = Release|x86
		{4F60AF35-76CD-470B-A4C2-1F7E2C7E8DC5}.AppStore|Any CPU.ActiveCfg = Release|x86
		{4F60AF35-76CD-470B-A4C2-1F7E2C7E8DC5}.AppStore|Any CPU.Build.0 = Release|x86
		{4F60AF35-76CD-470B-A4C2-1F7E2C7E8DC5}.AppStore|Any CPU.Deploy.0 = Release|x86
		{4F60AF35-76CD-470B-A4C2-1F7E2C7E8DC5}.AppStore|ARM.ActiveCfg = Release|ARM
		{4F60AF35-76CD-470B-A4C2-1F7E2C7E8DC5}.AppStore|ARM.Build.0 = Release|ARM
		{4F60AF35-76CD-470B-A4C2-1F7E2C7E8DC5}.AppStore|ARM.Deploy.0 = Release|ARM
		{4F60AF35-76CD-470B-A4C2-1F7E2C7E8DC5}.AppStore|iPhone.ActiveCfg = Release|x86
		{4F60AF35-76CD-470B-A4C2-1F7E2C7E8DC5}.AppStore|iPhone.Build.0 = Release|x86
		{4F60AF35-76CD-470B-A4C2-1F7E2C7E8DC5}.AppStore|iPhone.Deploy.0 = Release|x86
		{4F60AF35-76CD-470B-A4C2-1F7E2C7E8DC5}.AppStore|iPhoneSimulator.ActiveCfg = Release|x86
		{4F60AF35-76CD-470B-A4C2-1F7E2C7E8DC5}.AppStore|iPhoneSimulator.Build.0 = Release|x86
		{4F60AF35-76CD-470B-A4C2-1F7E2C7E8DC5}.AppStore|iPhoneSimulator.Deploy.0 = Release|x86
		{4F60AF35-76CD-470B-A4C2-1F7E2C7E8DC5}.AppStore|x64.ActiveCfg = Release|x64
		{4F60AF35-76CD-470B-A4C2-1F7E2C7E8DC5}.AppStore|x64.Build.0 = Release|x64
		{4F60AF35-76CD-470B-A4C2-1F7E2C7E8DC5}.AppStore|x64.Deploy.0 = Release|x64
		{4F60AF35-76CD-470B-A4C2-1F7E2C7E8DC5}.AppStore|x86.ActiveCfg = Release|x86
		{4F60AF35-76CD-470B-A4C2-1F7E2C7E8DC5}.AppStore|x86.Build.0 = Release|x86
		{4F60AF35-76CD-470B-A4C2-1F7E2C7E8DC5}.AppStore|x86.Deploy.0 = Release|x86
		{4F60AF35-76CD-470B-A4C2-1F7E2C7E8DC5}.Debug|Any CPU.ActiveCfg = Debug|x86
		{4F60AF35-76CD-470B-A4C2-1F7E2C7E8DC5}.Debug|ARM.ActiveCfg = Debug|ARM
		{4F60AF35-76CD-470B-A4C2-1F7E2C7E8DC5}.Debug|ARM.Build.0 = Debug|ARM
		{4F60AF35-76CD-470B-A4C2-1F7E2C7E8DC5}.Debug|ARM.Deploy.0 = Debug|ARM
		{4F60AF35-76CD-470B-A4C2-1F7E2C7E8DC5}.Debug|iPhone.ActiveCfg = Debug|x86
		{4F60AF35-76CD-470B-A4C2-1F7E2C7E8DC5}.Debug|iPhoneSimulator.ActiveCfg = Debug|x86
		{4F60AF35-76CD-470B-A4C2-1F7E2C7E8DC5}.Debug|x64.ActiveCfg = Debug|x64
		{4F60AF35-76CD-470B-A4C2-1F7E2C7E8DC5}.Debug|x64.Build.0 = Debug|x64
		{4F60AF35-76CD-470B-A4C2-1F7E2C7E8DC5}.Debug|x64.Deploy.0 = Debug|x64
		{4F60AF35-76CD-470B-A4C2-1F7E2C7E8DC5}.Debug|x86.ActiveCfg = Debug|x86
		{4F60AF35-76CD-470B-A4C2-1F7E2C7E8DC5}.Debug|x86.Build.0 = Debug|x86
		{4F60AF35-76CD-470B-A4C2-1F7E2C7E8DC5}.Debug|x86.Deploy.0 = Debug|x86
		{4F60AF35-76CD-470B-A4C2-1F7E2C7E8DC5}.Release|Any CPU.ActiveCfg = Release|x86
		{4F60AF35-76CD-470B-A4C2-1F7E2C7E8DC5}.Release|ARM.ActiveCfg = Release|ARM
		{4F60AF35-76CD-470B-A4C2-1F7E2C7E8DC5}.Release|ARM.Build.0 = Release|ARM
		{4F60AF35-76CD-470B-A4C2-1F7E2C7E8DC5}.Release|ARM.Deploy.0 = Release|ARM
		{4F60AF35-76CD-470B-A4C2-1F7E2C7E8DC5}.Release|iPhone.ActiveCfg = Release|x86
		{4F60AF35-76CD-470B-A4C2-1F7E2C7E8DC5}.Release|iPhoneSimulator.ActiveCfg = Release|x86
		{4F60AF35-76CD-470B-A4C2-1F7E2C7E8DC5}.Release|x64.ActiveCfg = Release|x64
		{4F60AF35-76CD-470B-A4C2-1F7E2C7E8DC5}.Release|x64.Build.0 = Release|x64
		{4F60AF35-76CD-470B-A4C2-1F7E2C7E8DC5}.Release|x64.Deploy.0 = Release|x64
		{4F60AF35-76CD-470B-A4C2-1F7E2C7E8DC5}.Release|x86.ActiveCfg = Release|x86
		{4F60AF35-76CD-470B-A4C2-1F7E2C7E8DC5}.Release|x86.Build.0 = Release|x86
		{4F60AF35-76CD-470B-A4C2-1F7E2C7E8DC5}.Release|x86.Deploy.0 = Release|x86
		{FB1865E6-3F87-4F85-9A36-F40ECA227196}.Ad-Hoc|Any CPU.ActiveCfg = Ad-Hoc|iPhone
		{FB1865E6-3F87-4F85-9A36-F40ECA227196}.Ad-Hoc|ARM.ActiveCfg = Ad-Hoc|iPhone
		{FB1865E6-3F87-4F85-9A36-F40ECA227196}.Ad-Hoc|iPhone.ActiveCfg = Ad-Hoc|iPhone
		{FB1865E6-3F87-4F85-9A36-F40ECA227196}.Ad-Hoc|iPhone.Build.0 = Ad-Hoc|iPhone
		{FB1865E6-3F87-4F85-9A36-F40ECA227196}.Ad-Hoc|iPhoneSimulator.ActiveCfg = Ad-Hoc|iPhoneSimulator
		{FB1865E6-3F87-4F85-9A36-F40ECA227196}.Ad-Hoc|iPhoneSimulator.Build.0 = Ad-Hoc|iPhoneSimulator
		{FB1865E6-3F87-4F85-9A36-F40ECA227196}.Ad-Hoc|x64.ActiveCfg = Ad-Hoc|iPhone
		{FB1865E6-3F87-4F85-9A36-F40ECA227196}.Ad-Hoc|x86.ActiveCfg = Ad-Hoc|iPhone
		{FB1865E6-3F87-4F85-9A36-F40ECA227196}.AppStore|Any CPU.ActiveCfg = AppStore|iPhone
		{FB1865E6-3F87-4F85-9A36-F40ECA227196}.AppStore|ARM.ActiveCfg = AppStore|iPhone
		{FB1865E6-3F87-4F85-9A36-F40ECA227196}.AppStore|iPhone.ActiveCfg = AppStore|iPhone
		{FB1865E6-3F87-4F85-9A36-F40ECA227196}.AppStore|iPhone.Build.0 = AppStore|iPhone
		{FB1865E6-3F87-4F85-9A36-F40ECA227196}.AppStore|iPhoneSimulator.ActiveCfg = AppStore|iPhoneSimulator
		{FB1865E6-3F87-4F85-9A36-F40ECA227196}.AppStore|iPhoneSimulator.Build.0 = AppStore|iPhoneSimulator
		{FB1865E6-3F87-4F85-9A36-F40ECA227196}.AppStore|x64.ActiveCfg = AppStore|iPhone
		{FB1865E6-3F87-4F85-9A36-F40ECA227196}.AppStore|x86.ActiveCfg = AppStore|iPhone
		{FB1865E6-3F87-4F85-9A36-F40ECA227196}.Debug|Any CPU.ActiveCfg = Debug|iPhone
		{FB1865E6-3F87-4F85-9A36-F40ECA227196}.Debug|ARM.ActiveCfg = Debug|iPhone
		{FB1865E6-3F87-4F85-9A36-F40ECA227196}.Debug|iPhone.ActiveCfg = Debug|iPhone
		{FB1865E6-3F87-4F85-9A36-F40ECA227196}.Debug|iPhone.Build.0 = Debug|iPhone
		{FB1865E6-3F87-4F85-9A36-F40ECA227196}.Debug|iPhoneSimulator.ActiveCfg = Debug|iPhoneSimulator
		{FB1865E6-3F87-4F85-9A36-F40ECA227196}.Debug|iPhoneSimulator.Build.0 = Debug|iPhoneSimulator
		{FB1865E6-3F87-4F85-9A36-F40ECA227196}.Debug|x64.ActiveCfg = Debug|iPhone
		{FB1865E6-3F87-4F85-9A36-F40ECA227196}.Debug|x86.ActiveCfg = Debug|iPhone
		{FB1865E6-3F87-4F85-9A36-F40ECA227196}.Release|Any CPU.ActiveCfg = Release|iPhone
		{FB1865E6-3F87-4F85-9A36-F40ECA227196}.Release|ARM.ActiveCfg = Release|iPhone
		{FB1865E6-3F87-4F85-9A36-F40ECA227196}.Release|iPhone.ActiveCfg = Release|iPhone
		{FB1865E6-3F87-4F85-9A36-F40ECA227196}.Release|iPhone.Build.0 = Release|iPhone
		{FB1865E6-3F87-4F85-9A36-F40ECA227196}.Release|iPhoneSimulator.ActiveCfg = Release|iPhoneSimulator
		{FB1865E6-3F87-4F85-9A36-F40ECA227196}.Release|iPhoneSimulator.Build.0 = Release|iPhoneSimulator
		{FB1865E6-3F87-4F85-9A36-F40ECA227196}.Release|x64.ActiveCfg = Release|iPhone
		{FB1865E6-3F87-4F85-9A36-F40ECA227196}.Release|x86.ActiveCfg = Release|iPhone
		{7C4A45C6-A454-4123-A81B-8A57DE12AE71}.Ad-Hoc|Any CPU.ActiveCfg = Debug|Any CPU
		{7C4A45C6-A454-4123-A81B-8A57DE12AE71}.Ad-Hoc|Any CPU.Build.0 = Debug|Any CPU
		{7C4A45C6-A454-4123-A81B-8A57DE12AE71}.Ad-Hoc|ARM.ActiveCfg = Debug|Any CPU
		{7C4A45C6-A454-4123-A81B-8A57DE12AE71}.Ad-Hoc|ARM.Build.0 = Debug|Any CPU
		{7C4A45C6-A454-4123-A81B-8A57DE12AE71}.Ad-Hoc|iPhone.ActiveCfg = Debug|Any CPU
		{7C4A45C6-A454-4123-A81B-8A57DE12AE71}.Ad-Hoc|iPhone.Build.0 = Debug|Any CPU
		{7C4A45C6-A454-4123-A81B-8A57DE12AE71}.Ad-Hoc|iPhoneSimulator.ActiveCfg = Debug|Any CPU
		{7C4A45C6-A454-4123-A81B-8A57DE12AE71}.Ad-Hoc|iPhoneSimulator.Build.0 = Debug|Any CPU
		{7C4A45C6-A454-4123-A81B-8A57DE12AE71}.Ad-Hoc|x64.ActiveCfg = Debug|Any CPU
		{7C4A45C6-A454-4123-A81B-8A57DE12AE71}.Ad-Hoc|x64.Build.0 = Debug|Any CPU
		{7C4A45C6-A454-4123-A81B-8A57DE12AE71}.Ad-Hoc|x86.ActiveCfg = Debug|Any CPU
		{7C4A45C6-A454-4123-A81B-8A57DE12AE71}.Ad-Hoc|x86.Build.0 = Debug|Any CPU
		{7C4A45C6-A454-4123-A81B-8A57DE12AE71}.AppStore|Any CPU.ActiveCfg = Debug|Any CPU
		{7C4A45C6-A454-4123-A81B-8A57DE12AE71}.AppStore|Any CPU.Build.0 = Debug|Any CPU
		{7C4A45C6-A454-4123-A81B-8A57DE12AE71}.AppStore|ARM.ActiveCfg = Debug|Any CPU
		{7C4A45C6-A454-4123-A81B-8A57DE12AE71}.AppStore|ARM.Build.0 = Debug|Any CPU
		{7C4A45C6-A454-4123-A81B-8A57DE12AE71}.AppStore|iPhone.ActiveCfg = Debug|Any CPU
		{7C4A45C6-A454-4123-A81B-8A57DE12AE71}.AppStore|iPhone.Build.0 = Debug|Any CPU
		{7C4A45C6-A454-4123-A81B-8A57DE12AE71}.AppStore|iPhoneSimulator.ActiveCfg = Debug|Any CPU
		{7C4A45C6-A454-4123-A81B-8A57DE12AE71}.AppStore|iPhoneSimulator.Build.0 = Debug|Any CPU
		{7C4A45C6-A454-4123-A81B-8A57DE12AE71}.AppStore|x64.ActiveCfg = Debug|Any CPU
		{7C4A45C6-A454-4123-A81B-8A57DE12AE71}.AppStore|x64.Build.0 = Debug|Any CPU
		{7C4A45C6-A454-4123-A81B-8A57DE12AE71}.AppStore|x86.ActiveCfg = Debug|Any CPU
		{7C4A45C6-A454-4123-A81B-8A57DE12AE71}.AppStore|x86.Build.0 = Debug|Any CPU
		{7C4A45C6-A454-4123-A81B-8A57DE12AE71}.Debug|Any CPU.ActiveCfg = Debug|Any CPU
		{7C4A45C6-A454-4123-A81B-8A57DE12AE71}.Debug|Any CPU.Build.0 = Debug|Any CPU
		{7C4A45C6-A454-4123-A81B-8A57DE12AE71}.Debug|ARM.ActiveCfg = Debug|Any CPU
		{7C4A45C6-A454-4123-A81B-8A57DE12AE71}.Debug|ARM.Build.0 = Debug|Any CPU
		{7C4A45C6-A454-4123-A81B-8A57DE12AE71}.Debug|iPhone.ActiveCfg = Debug|Any CPU
		{7C4A45C6-A454-4123-A81B-8A57DE12AE71}.Debug|iPhone.Build.0 = Debug|Any CPU
		{7C4A45C6-A454-4123-A81B-8A57DE12AE71}.Debug|iPhoneSimulator.ActiveCfg = Debug|Any CPU
		{7C4A45C6-A454-4123-A81B-8A57DE12AE71}.Debug|iPhoneSimulator.Build.0 = Debug|Any CPU
		{7C4A45C6-A454-4123-A81B-8A57DE12AE71}.Debug|x64.ActiveCfg = Debug|Any CPU
		{7C4A45C6-A454-4123-A81B-8A57DE12AE71}.Debug|x64.Build.0 = Debug|Any CPU
		{7C4A45C6-A454-4123-A81B-8A57DE12AE71}.Debug|x86.ActiveCfg = Debug|Any CPU
		{7C4A45C6-A454-4123-A81B-8A57DE12AE71}.Debug|x86.Build.0 = Debug|Any CPU
		{7C4A45C6-A454-4123-A81B-8A57DE12AE71}.Release|Any CPU.ActiveCfg = Release|Any CPU
		{7C4A45C6-A454-4123-A81B-8A57DE12AE71}.Release|Any CPU.Build.0 = Release|Any CPU
		{7C4A45C6-A454-4123-A81B-8A57DE12AE71}.Release|ARM.ActiveCfg = Release|Any CPU
		{7C4A45C6-A454-4123-A81B-8A57DE12AE71}.Release|ARM.Build.0 = Release|Any CPU
		{7C4A45C6-A454-4123-A81B-8A57DE12AE71}.Release|iPhone.ActiveCfg = Release|Any CPU
		{7C4A45C6-A454-4123-A81B-8A57DE12AE71}.Release|iPhone.Build.0 = Release|Any CPU
		{7C4A45C6-A454-4123-A81B-8A57DE12AE71}.Release|iPhoneSimulator.ActiveCfg = Release|Any CPU
		{7C4A45C6-A454-4123-A81B-8A57DE12AE71}.Release|iPhoneSimulator.Build.0 = Release|Any CPU
		{7C4A45C6-A454-4123-A81B-8A57DE12AE71}.Release|x64.ActiveCfg = Release|Any CPU
		{7C4A45C6-A454-4123-A81B-8A57DE12AE71}.Release|x64.Build.0 = Release|Any CPU
		{7C4A45C6-A454-4123-A81B-8A57DE12AE71}.Release|x86.ActiveCfg = Release|Any CPU
		{7C4A45C6-A454-4123-A81B-8A57DE12AE71}.Release|x86.Build.0 = Release|Any CPU
		{C1A3EC93-9400-453C-85D4-6A944692715E}.Ad-Hoc|Any CPU.ActiveCfg = Debug|Any CPU
		{C1A3EC93-9400-453C-85D4-6A944692715E}.Ad-Hoc|Any CPU.Build.0 = Debug|Any CPU
		{C1A3EC93-9400-453C-85D4-6A944692715E}.Ad-Hoc|ARM.ActiveCfg = Debug|Any CPU
		{C1A3EC93-9400-453C-85D4-6A944692715E}.Ad-Hoc|ARM.Build.0 = Debug|Any CPU
		{C1A3EC93-9400-453C-85D4-6A944692715E}.Ad-Hoc|iPhone.ActiveCfg = Debug|Any CPU
		{C1A3EC93-9400-453C-85D4-6A944692715E}.Ad-Hoc|iPhone.Build.0 = Debug|Any CPU
		{C1A3EC93-9400-453C-85D4-6A944692715E}.Ad-Hoc|iPhoneSimulator.ActiveCfg = Debug|Any CPU
		{C1A3EC93-9400-453C-85D4-6A944692715E}.Ad-Hoc|iPhoneSimulator.Build.0 = Debug|Any CPU
		{C1A3EC93-9400-453C-85D4-6A944692715E}.Ad-Hoc|x64.ActiveCfg = Debug|Any CPU
		{C1A3EC93-9400-453C-85D4-6A944692715E}.Ad-Hoc|x64.Build.0 = Debug|Any CPU
		{C1A3EC93-9400-453C-85D4-6A944692715E}.Ad-Hoc|x86.ActiveCfg = Debug|Any CPU
		{C1A3EC93-9400-453C-85D4-6A944692715E}.Ad-Hoc|x86.Build.0 = Debug|Any CPU
		{C1A3EC93-9400-453C-85D4-6A944692715E}.AppStore|Any CPU.ActiveCfg = Debug|Any CPU
		{C1A3EC93-9400-453C-85D4-6A944692715E}.AppStore|Any CPU.Build.0 = Debug|Any CPU
		{C1A3EC93-9400-453C-85D4-6A944692715E}.AppStore|ARM.ActiveCfg = Debug|Any CPU
		{C1A3EC93-9400-453C-85D4-6A944692715E}.AppStore|ARM.Build.0 = Debug|Any CPU
		{C1A3EC93-9400-453C-85D4-6A944692715E}.AppStore|iPhone.ActiveCfg = Debug|Any CPU
		{C1A3EC93-9400-453C-85D4-6A944692715E}.AppStore|iPhone.Build.0 = Debug|Any CPU
		{C1A3EC93-9400-453C-85D4-6A944692715E}.AppStore|iPhoneSimulator.ActiveCfg = Debug|Any CPU
		{C1A3EC93-9400-453C-85D4-6A944692715E}.AppStore|iPhoneSimulator.Build.0 = Debug|Any CPU
		{C1A3EC93-9400-453C-85D4-6A944692715E}.AppStore|x64.ActiveCfg = Debug|Any CPU
		{C1A3EC93-9400-453C-85D4-6A944692715E}.AppStore|x64.Build.0 = Debug|Any CPU
		{C1A3EC93-9400-453C-85D4-6A944692715E}.AppStore|x86.ActiveCfg = Debug|Any CPU
		{C1A3EC93-9400-453C-85D4-6A944692715E}.AppStore|x86.Build.0 = Debug|Any CPU
		{C1A3EC93-9400-453C-85D4-6A944692715E}.Debug|Any CPU.ActiveCfg = Debug|Any CPU
		{C1A3EC93-9400-453C-85D4-6A944692715E}.Debug|Any CPU.Build.0 = Debug|Any CPU
		{C1A3EC93-9400-453C-85D4-6A944692715E}.Debug|ARM.ActiveCfg = Debug|Any CPU
		{C1A3EC93-9400-453C-85D4-6A944692715E}.Debug|ARM.Build.0 = Debug|Any CPU
		{C1A3EC93-9400-453C-85D4-6A944692715E}.Debug|iPhone.ActiveCfg = Debug|Any CPU
		{C1A3EC93-9400-453C-85D4-6A944692715E}.Debug|iPhone.Build.0 = Debug|Any CPU
		{C1A3EC93-9400-453C-85D4-6A944692715E}.Debug|iPhoneSimulator.ActiveCfg = Debug|Any CPU
		{C1A3EC93-9400-453C-85D4-6A944692715E}.Debug|iPhoneSimulator.Build.0 = Debug|Any CPU
		{C1A3EC93-9400-453C-85D4-6A944692715E}.Debug|x64.ActiveCfg = Debug|Any CPU
		{C1A3EC93-9400-453C-85D4-6A944692715E}.Debug|x64.Build.0 = Debug|Any CPU
		{C1A3EC93-9400-453C-85D4-6A944692715E}.Debug|x86.ActiveCfg = Debug|Any CPU
		{C1A3EC93-9400-453C-85D4-6A944692715E}.Debug|x86.Build.0 = Debug|Any CPU
		{C1A3EC93-9400-453C-85D4-6A944692715E}.Release|Any CPU.ActiveCfg = Release|Any CPU
		{C1A3EC93-9400-453C-85D4-6A944692715E}.Release|Any CPU.Build.0 = Release|Any CPU
		{C1A3EC93-9400-453C-85D4-6A944692715E}.Release|ARM.ActiveCfg = Release|Any CPU
		{C1A3EC93-9400-453C-85D4-6A944692715E}.Release|ARM.Build.0 = Release|Any CPU
		{C1A3EC93-9400-453C-85D4-6A944692715E}.Release|iPhone.ActiveCfg = Release|Any CPU
		{C1A3EC93-9400-453C-85D4-6A944692715E}.Release|iPhone.Build.0 = Release|Any CPU
		{C1A3EC93-9400-453C-85D4-6A944692715E}.Release|iPhoneSimulator.ActiveCfg = Release|Any CPU
		{C1A3EC93-9400-453C-85D4-6A944692715E}.Release|iPhoneSimulator.Build.0 = Release|Any CPU
		{C1A3EC93-9400-453C-85D4-6A944692715E}.Release|x64.ActiveCfg = Release|Any CPU
		{C1A3EC93-9400-453C-85D4-6A944692715E}.Release|x64.Build.0 = Release|Any CPU
		{C1A3EC93-9400-453C-85D4-6A944692715E}.Release|x86.ActiveCfg = Release|Any CPU
		{C1A3EC93-9400-453C-85D4-6A944692715E}.Release|x86.Build.0 = Release|Any CPU
	EndGlobalSection
	GlobalSection(SolutionProperties) = preSolution
		HideSolutionNode = FALSE
	EndGlobalSection
	GlobalSection(NestedProjects) = preSolution
		{CE961965-D216-43F1-A638-853FFE04B041} = {9222FE4D-8F86-467C-9A0A-1719992AB3DB}
		{7DD6DB95-4CFE-46DF-8E81-B6ED3844DBC0} = {9222FE4D-8F86-467C-9A0A-1719992AB3DB}
		{4F60AF35-76CD-470B-A4C2-1F7E2C7E8DC5} = {9222FE4D-8F86-467C-9A0A-1719992AB3DB}
		{FB1865E6-3F87-4F85-9A36-F40ECA227196} = {9222FE4D-8F86-467C-9A0A-1719992AB3DB}
	EndGlobalSection
	GlobalSection(ExtensibilityGlobals) = postSolution
		SolutionGuid = {36DB49D9-00C3-4D31-9409-CC35D6458CB0}
	EndGlobalSection
EndGlobal
